// !$*UTF8*$!
{
	archiveVersion = 1;
	classes = {
	};
	objectVersion = 46;
	objects = {

/* Begin PBXBuildFile section */
		00E356F31AD99517003FC87E /* SerafinsTests.m in Sources */ = {isa = PBXBuildFile; fileRef = 00E356F21AD99517003FC87E /* SerafinsTests.m */; };
		13B07FBC1A68108700A75B9A /* AppDelegate.m in Sources */ = {isa = PBXBuildFile; fileRef = 13B07FB01A68108700A75B9A /* AppDelegate.m */; };
		13B07FBD1A68108700A75B9A /* LaunchScreen.xib in Resources */ = {isa = PBXBuildFile; fileRef = 13B07FB11A68108700A75B9A /* LaunchScreen.xib */; };
		13B07FBF1A68108700A75B9A /* Images.xcassets in Resources */ = {isa = PBXBuildFile; fileRef = 13B07FB51A68108700A75B9A /* Images.xcassets */; };
		13B07FC11A68108700A75B9A /* main.m in Sources */ = {isa = PBXBuildFile; fileRef = 13B07FB71A68108700A75B9A /* main.m */; };
		2D02E4BC1E0B4A80006451C7 /* AppDelegate.m in Sources */ = {isa = PBXBuildFile; fileRef = 13B07FB01A68108700A75B9A /* AppDelegate.m */; };
		2D02E4BD1E0B4A84006451C7 /* Images.xcassets in Resources */ = {isa = PBXBuildFile; fileRef = 13B07FB51A68108700A75B9A /* Images.xcassets */; };
		2D02E4BF1E0B4AB3006451C7 /* main.m in Sources */ = {isa = PBXBuildFile; fileRef = 13B07FB71A68108700A75B9A /* main.m */; };
		2DCD954D1E0B4F2C00145EB5 /* SerafinsTests.m in Sources */ = {isa = PBXBuildFile; fileRef = 00E356F21AD99517003FC87E /* SerafinsTests.m */; };
		69B4FC930DBF4DF79E6D9AEA /* GentiumPlus-I.ttf in Resources */ = {isa = PBXBuildFile; fileRef = 7CFDCADAFF3B4FB1899A1DB2 /* GentiumPlus-I.ttf */; };
		11B3DC0A0588462AA238749D /* GentiumPlus-R.ttf in Resources */ = {isa = PBXBuildFile; fileRef = 17A4051CA79D4CE186A47515 /* GentiumPlus-R.ttf */; };
		86DE34AC01AA4D39830ADE78 /* icomoon.ttf in Resources */ = {isa = PBXBuildFile; fileRef = D300DAA4F6724352A5D6D142 /* icomoon.ttf */; };
		90E2DA7F179A4135B2B323A6 /* AntDesign.ttf in Resources */ = {isa = PBXBuildFile; fileRef = AB4143C925004864AB5838D3 /* AntDesign.ttf */; };
		3AC3EAE57AED4592BF3B4995 /* Entypo.ttf in Resources */ = {isa = PBXBuildFile; fileRef = 7C52A347BD3D4F668E6A052D /* Entypo.ttf */; };
		C4183C5AD1474931BCE95213 /* EvilIcons.ttf in Resources */ = {isa = PBXBuildFile; fileRef = ECBBD3A203E14E68B9F78E9E /* EvilIcons.ttf */; };
		7A3E2FDE51A34F83A26620DA /* Feather.ttf in Resources */ = {isa = PBXBuildFile; fileRef = 1948F1B7F7234448B44FA97A /* Feather.ttf */; };
		1560385C954347A698984AFD /* FontAwesome.ttf in Resources */ = {isa = PBXBuildFile; fileRef = 7C6D1BBD50244ED3873D4956 /* FontAwesome.ttf */; };
		31540A81AF4D46FA997778F1 /* FontAwesome5_Brands.ttf in Resources */ = {isa = PBXBuildFile; fileRef = F8037D5EA51A4B79BC211F06 /* FontAwesome5_Brands.ttf */; };
		6B3042390DDA45B98AA60380 /* FontAwesome5_Regular.ttf in Resources */ = {isa = PBXBuildFile; fileRef = CC30E3278DD1438B854235C3 /* FontAwesome5_Regular.ttf */; };
		EED9EB88F2FE4F5183C457FC /* FontAwesome5_Solid.ttf in Resources */ = {isa = PBXBuildFile; fileRef = 7105FA5B93A74584ADC46835 /* FontAwesome5_Solid.ttf */; };
		D1EA8EB8621C4A9AB9AD4A58 /* Fontisto.ttf in Resources */ = {isa = PBXBuildFile; fileRef = B361D364E7BA4BBC9AD6F46A /* Fontisto.ttf */; };
		0346485DBC5F4BD3BFE8A2DC /* Foundation.ttf in Resources */ = {isa = PBXBuildFile; fileRef = 5F13D5FA249F4350B0332696 /* Foundation.ttf */; };
		1EC6C9F878C4423D9E9C57B0 /* Ionicons.ttf in Resources */ = {isa = PBXBuildFile; fileRef = D188F64D98FC403497ED88B5 /* Ionicons.ttf */; };
		2337370E34EC4F72B73B445A /* MaterialCommunityIcons.ttf in Resources */ = {isa = PBXBuildFile; fileRef = D96F0A6A30914C46B880F52C /* MaterialCommunityIcons.ttf */; };
		C339EA14AE48470593948557 /* MaterialIcons.ttf in Resources */ = {isa = PBXBuildFile; fileRef = 2CEED50DE9584A6B972499AF /* MaterialIcons.ttf */; };
		07BD04BA2EBC40D9BC10821C /* Octicons.ttf in Resources */ = {isa = PBXBuildFile; fileRef = 40FEC2243DAB4852BA426DF5 /* Octicons.ttf */; };
		8DAA6954AD76491F96361459 /* SimpleLineIcons.ttf in Resources */ = {isa = PBXBuildFile; fileRef = 36B105C4A9BB44D79204B01E /* SimpleLineIcons.ttf */; };
		CF29845D636F490A92FA9067 /* Zocial.ttf in Resources */ = {isa = PBXBuildFile; fileRef = A3E761432D60454BB2355D0B /* Zocial.ttf */; };
		EB6B11E1287548F784ED5804 /* Arial.ttf in Resources */ = {isa = PBXBuildFile; fileRef = EA0E9522824142A9A6EC0054 /* Arial.ttf */; };
		1DB13F00806B4156B7FBBEC5 /* ceaswfte.ttf in Resources */ = {isa = PBXBuildFile; fileRef = 4C9776DDF5E04A3E9FC7EA29 /* ceaswfte.ttf */; };
		B016BDB22613443DBB53FF90 /* cebswfte.ttf in Resources */ = {isa = PBXBuildFile; fileRef = 22C01E4F3BAA432C90C396D6 /* cebswfte.ttf */; };
		9E7AD0776A62421AA9E6C738 /* ceiswfte.ttf in Resources */ = {isa = PBXBuildFile; fileRef = C62634A6B1044270A21741A3 /* ceiswfte.ttf */; };
		6A6DF458C6F44634BB36457B /* Century Bold Italic.ttf in Resources */ = {isa = PBXBuildFile; fileRef = C41D7BB7C545488B9494ACBA /* Century Bold Italic.ttf */; };
		0B2E833E563B418EA6586A4E /* Century Bold.ttf in Resources */ = {isa = PBXBuildFile; fileRef = 66B5CE3FA6934FA092D6D65B /* Century Bold.ttf */; };
		8F42F982C73B4989B0B5818A /* Century Normal.ttf in Resources */ = {isa = PBXBuildFile; fileRef = BAAD18C2280047F9A872A69D /* Century Normal.ttf */; };
		96BD1C3EF6784483B89C4CFE /* CENTURY.ttf in Resources */ = {isa = PBXBuildFile; fileRef = 30596DA9D9AB4E719CBCB42D /* CENTURY.ttf */; };
		5BC00106D5A046BF89DB3249 /* Kiona-Itallic.ttf in Resources */ = {isa = PBXBuildFile; fileRef = B6AD3114D0664F04BA798BEB /* Kiona-Itallic.ttf */; };
		3D3A3F6D640745A2B861E231 /* Kiona-Regular.ttf in Resources */ = {isa = PBXBuildFile; fileRef = 9039F73172B24187A14943B0 /* Kiona-Regular.ttf */; };
		848F7EDC001945559733E6A3 /* arial.ttf in Resources */ = {isa = PBXBuildFile; fileRef = 96D707F7639E44CFBFE4B235 /* arial.ttf */; };
		1B1CECEAED724100AE3D76C1 /* arialbd.ttf in Resources */ = {isa = PBXBuildFile; fileRef = 920BF582063C4D559D1C872B /* arialbd.ttf */; };
		DB66AC3F286840CE9BD7D5A6 /* arialbi.ttf in Resources */ = {isa = PBXBuildFile; fileRef = F930433A590D4EA4A09DC4E7 /* arialbi.ttf */; };
		F619A1EEB19D4892B64DB8AE /* ariali.ttf in Resources */ = {isa = PBXBuildFile; fileRef = 16C4D0CEF97648B0B1BC70C5 /* ariali.ttf */; };
		530A05DC0AA945FAAD58470C /* ariblk.ttf in Resources */ = {isa = PBXBuildFile; fileRef = 4D48BC03C58247E2BC93F79D /* ariblk.ttf */; };
		4D7475156E014928B01C2D9A /* bahnschrift.ttf in Resources */ = {isa = PBXBuildFile; fileRef = 352DACBD02C6408CA32FAAAD /* bahnschrift.ttf */; };
		2C790CABD7494D6990F6F775 /* comic.ttf in Resources */ = {isa = PBXBuildFile; fileRef = EF5F903C1EB04F53A92D0AED /* comic.ttf */; };
		63C1783CD47A408D89D21971 /* comicbd.ttf in Resources */ = {isa = PBXBuildFile; fileRef = B894F15CDB8E406593988E4F /* comicbd.ttf */; };
		16CF5370AE7B4CABA6838F1D /* comici.ttf in Resources */ = {isa = PBXBuildFile; fileRef = 7D2E71BE33184D678394187A /* comici.ttf */; };
		044AD7C34CE94EA797D66B1A /* comicz.ttf in Resources */ = {isa = PBXBuildFile; fileRef = FDE6B6B19DBE4F8CB26DDF78 /* comicz.ttf */; };
		786D2B59E20948B99ACC4F83 /* consola.ttf in Resources */ = {isa = PBXBuildFile; fileRef = AC651F13C0B641FA8A6086A9 /* consola.ttf */; };
		FF3050DE13B2404C8603C0E6 /* consolab.ttf in Resources */ = {isa = PBXBuildFile; fileRef = 398FB3D7D32D4455B8556E80 /* consolab.ttf */; };
		ABF67C617E204EEC89D71EDC /* consolai.ttf in Resources */ = {isa = PBXBuildFile; fileRef = 0B0E3225094C438EAF8C71AF /* consolai.ttf */; };
		70476CDE59B54B809797D135 /* consolaz.ttf in Resources */ = {isa = PBXBuildFile; fileRef = 32F4E1E3392F49E38D27250D /* consolaz.ttf */; };
		DF676B02445A4192B34CDD9C /* cour.ttf in Resources */ = {isa = PBXBuildFile; fileRef = C762850B1CF047A68C4EC0CA /* cour.ttf */; };
		6268C7AAFDE6428BAEE8BB95 /* courbd.ttf in Resources */ = {isa = PBXBuildFile; fileRef = 2756DF733BE244A7ADA6A44E /* courbd.ttf */; };
		72DC62C24BF049FDB9CF6A98 /* courbi.ttf in Resources */ = {isa = PBXBuildFile; fileRef = FFC36E42FCC94770B2B7BBEA /* courbi.ttf */; };
		FC1576B963FD428E9A1967EA /* couri.ttf in Resources */ = {isa = PBXBuildFile; fileRef = F63658CB14674F7DAAAB5E88 /* couri.ttf */; };
		368C8608094E4998B7250408 /* Gabriola.ttf in Resources */ = {isa = PBXBuildFile; fileRef = B37F5688670146649411562F /* Gabriola.ttf */; };
		9D954AF372A54B8BA727967E /* gadugi.ttf in Resources */ = {isa = PBXBuildFile; fileRef = 654F90A0E4E644A1A962CE1A /* gadugi.ttf */; };
		F6807B663DA8413FB709E862 /* gadugib.ttf in Resources */ = {isa = PBXBuildFile; fileRef = C0DB6CB4BE584346A6596F71 /* gadugib.ttf */; };
		82FC409F5A6B4791A954FEA1 /* GentiumPlus-I.ttf in Resources */ = {isa = PBXBuildFile; fileRef = 842F1E8D10644E79ADD6C899 /* GentiumPlus-I.ttf */; };
		CA2A4011F05848F09A623BE8 /* georgia.ttf in Resources */ = {isa = PBXBuildFile; fileRef = 5C546F31F03B4DB49F1F57C7 /* georgia.ttf */; };
		63454FC0508D49A1B5963E91 /* georgiab.ttf in Resources */ = {isa = PBXBuildFile; fileRef = 4B1A07CBD0794E538F457372 /* georgiab.ttf */; };
		769090AE961C4B5BB6855ECF /* georgiai.ttf in Resources */ = {isa = PBXBuildFile; fileRef = C28D0D0B59924ED5972103DD /* georgiai.ttf */; };
		6004D28C6A7C426F82BC1A14 /* georgiaz.ttf in Resources */ = {isa = PBXBuildFile; fileRef = 58666B6EDB2D4384BC4E7AA4 /* georgiaz.ttf */; };
		5339E981AEC2491E976AD3DC /* himalaya.ttf in Resources */ = {isa = PBXBuildFile; fileRef = 3859514C5C2B4EB29577ACD7 /* himalaya.ttf */; };
		5F719B97732742C18A4547CD /* l_10646.ttf in Resources */ = {isa = PBXBuildFile; fileRef = 5079E33A041B4C1AB70E25D6 /* l_10646.ttf */; };
		B20F5A5BBB0D4A63850D92CB /* LeelaUIb.ttf in Resources */ = {isa = PBXBuildFile; fileRef = 288D40A564E74C0DA22A7CE4 /* LeelaUIb.ttf */; };
		25B2BCAD6A8641C7A99F730F /* LeelawUI.ttf in Resources */ = {isa = PBXBuildFile; fileRef = AE7F581295FE412AB5A8229F /* LeelawUI.ttf */; };
		7BFA13D43CFE41C084BD110C /* LeelUIsl.ttf in Resources */ = {isa = PBXBuildFile; fileRef = CF08BB4030424072AAE6F75B /* LeelUIsl.ttf */; };
		C7D2F0D175D045ECB114F669 /* lucon.ttf in Resources */ = {isa = PBXBuildFile; fileRef = 938D3F562A724DF481E519CC /* lucon.ttf */; };
		B1EA1D645BA441839E6059E1 /* malgun.ttf in Resources */ = {isa = PBXBuildFile; fileRef = CD99BB500FAF417ABA658C59 /* malgun.ttf */; };
		3FA8ECB7A39E405CB8EBC18E /* micross.ttf in Resources */ = {isa = PBXBuildFile; fileRef = 058E2D586467499C8CF429A5 /* micross.ttf */; };
		284EF44D3CBD44A288DABCA0 /* msjh.ttc in Resources */ = {isa = PBXBuildFile; fileRef = 032FA5A1DE28483CB519718B /* msjh.ttc */; };
		6EB89C674CFB41609AA8B498 /* msyh.ttc in Resources */ = {isa = PBXBuildFile; fileRef = 3474FEF75E594B69BF8A2FAA /* msyh.ttc */; };
		F2FDC6FBE51F4A23B921138D /* Nirmala.ttf in Resources */ = {isa = PBXBuildFile; fileRef = 27341B0D283940E0A03A1B89 /* Nirmala.ttf */; };
		AF46D249391C46E8B9EF37DF /* NirmalaB.ttf in Resources */ = {isa = PBXBuildFile; fileRef = 5E530888B29B4B68864F1A4E /* NirmalaB.ttf */; };
		FF086BECA88D49AE891FECD9 /* NirmalaS.ttf in Resources */ = {isa = PBXBuildFile; fileRef = 0DA25778D2BF437FBB704040 /* NirmalaS.ttf */; };
		BD6BCA3F08A44ECBBCA3DFB8 /* segmdl2.ttf in Resources */ = {isa = PBXBuildFile; fileRef = CD1CB7149C52479BA120AE38 /* segmdl2.ttf */; };
		B63EF73C2D7849139ECFFEFF /* segoepr.ttf in Resources */ = {isa = PBXBuildFile; fileRef = 7CCF2EA239484628B793B5E0 /* segoepr.ttf */; };
		FA108A8DD48D4B67AE17F76E /* segoeprb.ttf in Resources */ = {isa = PBXBuildFile; fileRef = A51F9FCDFE8B4482804494D0 /* segoeprb.ttf */; };
		2E5D0E4354BC4D2D94B96FD4 /* segoesc.ttf in Resources */ = {isa = PBXBuildFile; fileRef = C476AAB6D653405ABC9760E5 /* segoesc.ttf */; };
		FA2AD6194AF94370B5C3B120 /* segoescb.ttf in Resources */ = {isa = PBXBuildFile; fileRef = 696072BFBA9346AA920296AA /* segoescb.ttf */; };
		543948C4BCA54517968808CC /* segoeui.ttf in Resources */ = {isa = PBXBuildFile; fileRef = 97E080B5EE3B4A6081C87188 /* segoeui.ttf */; };
		9B21315AC27044DF994A7DD5 /* segoeuib.ttf in Resources */ = {isa = PBXBuildFile; fileRef = 3D26D42212BA4906A6B45577 /* segoeuib.ttf */; };
		7394D4D3EC714B668D8D5150 /* segoeuii.ttf in Resources */ = {isa = PBXBuildFile; fileRef = ABCAF8DF4E0C4FAC888396B2 /* segoeuii.ttf */; };
		7BB6A48DED9F4F2D9C699213 /* segoeuil.ttf in Resources */ = {isa = PBXBuildFile; fileRef = 7384F1C7A6A84009B36B2622 /* segoeuil.ttf */; };
		4AFE54F6BBEC4C96A683B04A /* segoeuisl.ttf in Resources */ = {isa = PBXBuildFile; fileRef = 73419E4649C94171B0F28A4C /* segoeuisl.ttf */; };
		C594A5778E5E4DB98E914190 /* segoeuiz.ttf in Resources */ = {isa = PBXBuildFile; fileRef = 2CB1C25110814BAEA7A4DEC3 /* segoeuiz.ttf */; };
		CD63F94B55D84727B67F05E9 /* seguibl.ttf in Resources */ = {isa = PBXBuildFile; fileRef = 95C2916C166749A494180A02 /* seguibl.ttf */; };
		2FD3240C5E744984A033480E /* seguibli.ttf in Resources */ = {isa = PBXBuildFile; fileRef = 851E3B6E275D497BA954E485 /* seguibli.ttf */; };
		030BBC9F70CF40548E544462 /* seguiemj.ttf in Resources */ = {isa = PBXBuildFile; fileRef = EA68C81CB9EB4F068E0866EE /* seguiemj.ttf */; };
		1C2DEB959F3E4CD6A975436B /* seguihis.ttf in Resources */ = {isa = PBXBuildFile; fileRef = 4B1F45A4A71C400F8A526E3D /* seguihis.ttf */; };
		73FDF549E3FF4E6C80514005 /* seguili.ttf in Resources */ = {isa = PBXBuildFile; fileRef = 7F44863C5DE441C59590DC8B /* seguili.ttf */; };
		B8DFB14A3C0D4E769CD58E82 /* seguisb.ttf in Resources */ = {isa = PBXBuildFile; fileRef = F1E4852A2EEF4E15BB69A5BC /* seguisb.ttf */; };
		49EF3E7D7211440C8F0CBF66 /* seguisbi.ttf in Resources */ = {isa = PBXBuildFile; fileRef = 545D9A90E93F4475A34D4C06 /* seguisbi.ttf */; };
		461A5F1418AB4ACB82C03D48 /* seguisli.ttf in Resources */ = {isa = PBXBuildFile; fileRef = CA9786D21A9D42A5BE850601 /* seguisli.ttf */; };
		0E0028A984BF4EFEA10387B5 /* seguisym.ttf in Resources */ = {isa = PBXBuildFile; fileRef = F10A35E71BCE41A2B0AB916A /* seguisym.ttf */; };
		00E30A70E3244D89936D6467 /* sylfaen.ttf in Resources */ = {isa = PBXBuildFile; fileRef = 982C24362CA14568BCE8C6C0 /* sylfaen.ttf */; };
		B64C72A859384D8D8F122CE9 /* symbol.ttf in Resources */ = {isa = PBXBuildFile; fileRef = 2B676987F7524D6991D07999 /* symbol.ttf */; };
		DA8E35531A74449597191A70 /* tahoma.ttf in Resources */ = {isa = PBXBuildFile; fileRef = D2FC602B430D4F97B370242E /* tahoma.ttf */; };
		9897E3597F5B42FC91827425 /* tahomabd.ttf in Resources */ = {isa = PBXBuildFile; fileRef = 571A40A70AA44CF4A218A593 /* tahomabd.ttf */; };
		44C812DD4BAE499FAD564F4F /* taile.ttf in Resources */ = {isa = PBXBuildFile; fileRef = 8E9D9FBD125542959A004EC9 /* taile.ttf */; };
		E2582EDFF7C94F10A4859C05 /* taileb.ttf in Resources */ = {isa = PBXBuildFile; fileRef = 118FE792CD004E3D93E22A8D /* taileb.ttf */; };
		764B140E196141C5B88C8101 /* times.ttf in Resources */ = {isa = PBXBuildFile; fileRef = F9128774A9D54D1885706164 /* times.ttf */; };
		236C42A9329548179A4901F6 /* timesbd.ttf in Resources */ = {isa = PBXBuildFile; fileRef = 0AE5DB7026DF4780B95C73E1 /* timesbd.ttf */; };
		BC2746F5F7B24799AF865AD1 /* timesbi.ttf in Resources */ = {isa = PBXBuildFile; fileRef = 3755BFCFA47F4A59A49C083A /* timesbi.ttf */; };
		FFF4F512E7314535A5104175 /* timesi.ttf in Resources */ = {isa = PBXBuildFile; fileRef = 86D4F14B4196433392C1CDD7 /* timesi.ttf */; };
		9C8FBBC1D05E471B822404BE /* wingding.ttf in Resources */ = {isa = PBXBuildFile; fileRef = 2741C5075B094A4DB1E3C3B9 /* wingding.ttf */; };
/* End PBXBuildFile section */

/* Begin PBXContainerItemProxy section */
		00E356F41AD99517003FC87E /* PBXContainerItemProxy */ = {
			isa = PBXContainerItemProxy;
			containerPortal = 83CBB9F71A601CBA00E9B192 /* Project object */;
			proxyType = 1;
			remoteGlobalIDString = 13B07F861A680F5B00A75B9A;
			remoteInfo = Serafins;
		};
		2D02E4911E0B4A5D006451C7 /* PBXContainerItemProxy */ = {
			isa = PBXContainerItemProxy;
			containerPortal = 83CBB9F71A601CBA00E9B192 /* Project object */;
			proxyType = 1;
			remoteGlobalIDString = 2D02E47A1E0B4A5D006451C7;
			remoteInfo = "Serafins-tvOS";
		};
/* End PBXContainerItemProxy section */

/* Begin PBXFileReference section */
		008F07F21AC5B25A0029DE68 /* main.jsbundle */ = {isa = PBXFileReference; fileEncoding = 4; lastKnownFileType = text; path = main.jsbundle; sourceTree = "<group>"; };
		00E356EE1AD99517003FC87E /* SerafinsTests.xctest */ = {isa = PBXFileReference; explicitFileType = wrapper.cfbundle; includeInIndex = 0; path = SerafinsTests.xctest; sourceTree = BUILT_PRODUCTS_DIR; };
		00E356F11AD99517003FC87E /* Info.plist */ = {isa = PBXFileReference; lastKnownFileType = text.plist.xml; path = Info.plist; sourceTree = "<group>"; };
		00E356F21AD99517003FC87E /* SerafinsTests.m */ = {isa = PBXFileReference; lastKnownFileType = sourcecode.c.objc; path = SerafinsTests.m; sourceTree = "<group>"; };
		13B07F961A680F5B00A75B9A /* Serafins.app */ = {isa = PBXFileReference; explicitFileType = wrapper.application; includeInIndex = 0; path = Serafins.app; sourceTree = BUILT_PRODUCTS_DIR; };
		13B07FAF1A68108700A75B9A /* AppDelegate.h */ = {isa = PBXFileReference; fileEncoding = 4; lastKnownFileType = sourcecode.c.h; name = AppDelegate.h; path = Serafins/AppDelegate.h; sourceTree = "<group>"; };
		13B07FB01A68108700A75B9A /* AppDelegate.m */ = {isa = PBXFileReference; fileEncoding = 4; lastKnownFileType = sourcecode.c.objc; name = AppDelegate.m; path = Serafins/AppDelegate.m; sourceTree = "<group>"; };
		13B07FB21A68108700A75B9A /* Base */ = {isa = PBXFileReference; lastKnownFileType = file.xib; name = Base; path = Base.lproj/LaunchScreen.xib; sourceTree = "<group>"; };
		13B07FB51A68108700A75B9A /* Images.xcassets */ = {isa = PBXFileReference; lastKnownFileType = folder.assetcatalog; name = Images.xcassets; path = Serafins/Images.xcassets; sourceTree = "<group>"; };
		13B07FB61A68108700A75B9A /* Info.plist */ = {isa = PBXFileReference; fileEncoding = 4; lastKnownFileType = text.plist.xml; name = Info.plist; path = Serafins/Info.plist; sourceTree = "<group>"; };
		13B07FB71A68108700A75B9A /* main.m */ = {isa = PBXFileReference; fileEncoding = 4; lastKnownFileType = sourcecode.c.objc; name = main.m; path = Serafins/main.m; sourceTree = "<group>"; };
		2D02E47B1E0B4A5D006451C7 /* Serafins-tvOS.app */ = {isa = PBXFileReference; explicitFileType = wrapper.application; includeInIndex = 0; path = "Serafins-tvOS.app"; sourceTree = BUILT_PRODUCTS_DIR; };
		2D02E4901E0B4A5D006451C7 /* Serafins-tvOSTests.xctest */ = {isa = PBXFileReference; explicitFileType = wrapper.cfbundle; includeInIndex = 0; path = "Serafins-tvOSTests.xctest"; sourceTree = BUILT_PRODUCTS_DIR; };
		ED297162215061F000B7C4FE /* JavaScriptCore.framework */ = {isa = PBXFileReference; lastKnownFileType = wrapper.framework; name = JavaScriptCore.framework; path = System/Library/Frameworks/JavaScriptCore.framework; sourceTree = SDKROOT; };
		ED2971642150620600B7C4FE /* JavaScriptCore.framework */ = {isa = PBXFileReference; lastKnownFileType = wrapper.framework; name = JavaScriptCore.framework; path = Platforms/AppleTVOS.platform/Developer/SDKs/AppleTVOS12.0.sdk/System/Library/Frameworks/JavaScriptCore.framework; sourceTree = DEVELOPER_DIR; };
		7CFDCADAFF3B4FB1899A1DB2 /* GentiumPlus-I.ttf */ = {isa = PBXFileReference; name = "GentiumPlus-I.ttf"; path = "../src/assets/fonts/gentium/GentiumPlus-I.ttf"; sourceTree = "<group>"; fileEncoding = undefined; lastKnownFileType = unknown; explicitFileType = undefined; includeInIndex = 0; };
		17A4051CA79D4CE186A47515 /* GentiumPlus-R.ttf */ = {isa = PBXFileReference; name = "GentiumPlus-R.ttf"; path = "../src/assets/fonts/gentium/GentiumPlus-R.ttf"; sourceTree = "<group>"; fileEncoding = undefined; lastKnownFileType = unknown; explicitFileType = undefined; includeInIndex = 0; };
		D300DAA4F6724352A5D6D142 /* icomoon.ttf */ = {isa = PBXFileReference; name = "icomoon.ttf"; path = "../src/assets/fonts/fonts/icomoon.ttf"; sourceTree = "<group>"; fileEncoding = undefined; lastKnownFileType = unknown; explicitFileType = undefined; includeInIndex = 0; };
		AB4143C925004864AB5838D3 /* AntDesign.ttf */ = {isa = PBXFileReference; name = "AntDesign.ttf"; path = "../node_modules/react-native-vector-icons/Fonts/AntDesign.ttf"; sourceTree = "<group>"; fileEncoding = undefined; lastKnownFileType = unknown; explicitFileType = undefined; includeInIndex = 0; };
		7C52A347BD3D4F668E6A052D /* Entypo.ttf */ = {isa = PBXFileReference; name = "Entypo.ttf"; path = "../node_modules/react-native-vector-icons/Fonts/Entypo.ttf"; sourceTree = "<group>"; fileEncoding = undefined; lastKnownFileType = unknown; explicitFileType = undefined; includeInIndex = 0; };
		ECBBD3A203E14E68B9F78E9E /* EvilIcons.ttf */ = {isa = PBXFileReference; name = "EvilIcons.ttf"; path = "../node_modules/react-native-vector-icons/Fonts/EvilIcons.ttf"; sourceTree = "<group>"; fileEncoding = undefined; lastKnownFileType = unknown; explicitFileType = undefined; includeInIndex = 0; };
		1948F1B7F7234448B44FA97A /* Feather.ttf */ = {isa = PBXFileReference; name = "Feather.ttf"; path = "../node_modules/react-native-vector-icons/Fonts/Feather.ttf"; sourceTree = "<group>"; fileEncoding = undefined; lastKnownFileType = unknown; explicitFileType = undefined; includeInIndex = 0; };
		7C6D1BBD50244ED3873D4956 /* FontAwesome.ttf */ = {isa = PBXFileReference; name = "FontAwesome.ttf"; path = "../node_modules/react-native-vector-icons/Fonts/FontAwesome.ttf"; sourceTree = "<group>"; fileEncoding = undefined; lastKnownFileType = unknown; explicitFileType = undefined; includeInIndex = 0; };
		F8037D5EA51A4B79BC211F06 /* FontAwesome5_Brands.ttf */ = {isa = PBXFileReference; name = "FontAwesome5_Brands.ttf"; path = "../node_modules/react-native-vector-icons/Fonts/FontAwesome5_Brands.ttf"; sourceTree = "<group>"; fileEncoding = undefined; lastKnownFileType = unknown; explicitFileType = undefined; includeInIndex = 0; };
		CC30E3278DD1438B854235C3 /* FontAwesome5_Regular.ttf */ = {isa = PBXFileReference; name = "FontAwesome5_Regular.ttf"; path = "../node_modules/react-native-vector-icons/Fonts/FontAwesome5_Regular.ttf"; sourceTree = "<group>"; fileEncoding = undefined; lastKnownFileType = unknown; explicitFileType = undefined; includeInIndex = 0; };
		7105FA5B93A74584ADC46835 /* FontAwesome5_Solid.ttf */ = {isa = PBXFileReference; name = "FontAwesome5_Solid.ttf"; path = "../node_modules/react-native-vector-icons/Fonts/FontAwesome5_Solid.ttf"; sourceTree = "<group>"; fileEncoding = undefined; lastKnownFileType = unknown; explicitFileType = undefined; includeInIndex = 0; };
		B361D364E7BA4BBC9AD6F46A /* Fontisto.ttf */ = {isa = PBXFileReference; name = "Fontisto.ttf"; path = "../node_modules/react-native-vector-icons/Fonts/Fontisto.ttf"; sourceTree = "<group>"; fileEncoding = undefined; lastKnownFileType = unknown; explicitFileType = undefined; includeInIndex = 0; };
		5F13D5FA249F4350B0332696 /* Foundation.ttf */ = {isa = PBXFileReference; name = "Foundation.ttf"; path = "../node_modules/react-native-vector-icons/Fonts/Foundation.ttf"; sourceTree = "<group>"; fileEncoding = undefined; lastKnownFileType = unknown; explicitFileType = undefined; includeInIndex = 0; };
		D188F64D98FC403497ED88B5 /* Ionicons.ttf */ = {isa = PBXFileReference; name = "Ionicons.ttf"; path = "../node_modules/react-native-vector-icons/Fonts/Ionicons.ttf"; sourceTree = "<group>"; fileEncoding = undefined; lastKnownFileType = unknown; explicitFileType = undefined; includeInIndex = 0; };
		D96F0A6A30914C46B880F52C /* MaterialCommunityIcons.ttf */ = {isa = PBXFileReference; name = "MaterialCommunityIcons.ttf"; path = "../node_modules/react-native-vector-icons/Fonts/MaterialCommunityIcons.ttf"; sourceTree = "<group>"; fileEncoding = undefined; lastKnownFileType = unknown; explicitFileType = undefined; includeInIndex = 0; };
		2CEED50DE9584A6B972499AF /* MaterialIcons.ttf */ = {isa = PBXFileReference; name = "MaterialIcons.ttf"; path = "../node_modules/react-native-vector-icons/Fonts/MaterialIcons.ttf"; sourceTree = "<group>"; fileEncoding = undefined; lastKnownFileType = unknown; explicitFileType = undefined; includeInIndex = 0; };
		40FEC2243DAB4852BA426DF5 /* Octicons.ttf */ = {isa = PBXFileReference; name = "Octicons.ttf"; path = "../node_modules/react-native-vector-icons/Fonts/Octicons.ttf"; sourceTree = "<group>"; fileEncoding = undefined; lastKnownFileType = unknown; explicitFileType = undefined; includeInIndex = 0; };
		36B105C4A9BB44D79204B01E /* SimpleLineIcons.ttf */ = {isa = PBXFileReference; name = "SimpleLineIcons.ttf"; path = "../node_modules/react-native-vector-icons/Fonts/SimpleLineIcons.ttf"; sourceTree = "<group>"; fileEncoding = undefined; lastKnownFileType = unknown; explicitFileType = undefined; includeInIndex = 0; };
		A3E761432D60454BB2355D0B /* Zocial.ttf */ = {isa = PBXFileReference; name = "Zocial.ttf"; path = "../node_modules/react-native-vector-icons/Fonts/Zocial.ttf"; sourceTree = "<group>"; fileEncoding = undefined; lastKnownFileType = unknown; explicitFileType = undefined; includeInIndex = 0; };
		EA0E9522824142A9A6EC0054 /* Arial.ttf */ = {isa = PBXFileReference; name = "Arial.ttf"; path = "../src/assets/fonts/Arial/Arial.ttf"; sourceTree = "<group>"; fileEncoding = undefined; lastKnownFileType = unknown; explicitFileType = undefined; includeInIndex = 0; };
		4C9776DDF5E04A3E9FC7EA29 /* ceaswfte.ttf */ = {isa = PBXFileReference; name = "ceaswfte.ttf"; path = "../src/assets/fonts/century/ceaswfte.ttf"; sourceTree = "<group>"; fileEncoding = undefined; lastKnownFileType = unknown; explicitFileType = undefined; includeInIndex = 0; };
		22C01E4F3BAA432C90C396D6 /* cebswfte.ttf */ = {isa = PBXFileReference; name = "cebswfte.ttf"; path = "../src/assets/fonts/century/cebswfte.ttf"; sourceTree = "<group>"; fileEncoding = undefined; lastKnownFileType = unknown; explicitFileType = undefined; includeInIndex = 0; };
		C62634A6B1044270A21741A3 /* ceiswfte.ttf */ = {isa = PBXFileReference; name = "ceiswfte.ttf"; path = "../src/assets/fonts/century/ceiswfte.ttf"; sourceTree = "<group>"; fileEncoding = undefined; lastKnownFileType = unknown; explicitFileType = undefined; includeInIndex = 0; };
		C41D7BB7C545488B9494ACBA /* Century Bold Italic.ttf */ = {isa = PBXFileReference; name = "Century Bold Italic.ttf"; path = "../src/assets/fonts/century/Century Bold Italic.ttf"; sourceTree = "<group>"; fileEncoding = undefined; lastKnownFileType = unknown; explicitFileType = undefined; includeInIndex = 0; };
		66B5CE3FA6934FA092D6D65B /* Century Bold.ttf */ = {isa = PBXFileReference; name = "Century Bold.ttf"; path = "../src/assets/fonts/century/Century Bold.ttf"; sourceTree = "<group>"; fileEncoding = undefined; lastKnownFileType = unknown; explicitFileType = undefined; includeInIndex = 0; };
		BAAD18C2280047F9A872A69D /* Century Normal.ttf */ = {isa = PBXFileReference; name = "Century Normal.ttf"; path = "../src/assets/fonts/century/Century Normal.ttf"; sourceTree = "<group>"; fileEncoding = undefined; lastKnownFileType = unknown; explicitFileType = undefined; includeInIndex = 0; };
		30596DA9D9AB4E719CBCB42D /* CENTURY.ttf */ = {isa = PBXFileReference; name = "CENTURY.ttf"; path = "../src/assets/fonts/century/CENTURY.ttf"; sourceTree = "<group>"; fileEncoding = undefined; lastKnownFileType = unknown; explicitFileType = undefined; includeInIndex = 0; };
		B6AD3114D0664F04BA798BEB /* Kiona-Itallic.ttf */ = {isa = PBXFileReference; name = "Kiona-Itallic.ttf"; path = "../src/assets/fonts/kiona_2/Kiona-Itallic.ttf"; sourceTree = "<group>"; fileEncoding = undefined; lastKnownFileType = unknown; explicitFileType = undefined; includeInIndex = 0; };
		9039F73172B24187A14943B0 /* Kiona-Regular.ttf */ = {isa = PBXFileReference; name = "Kiona-Regular.ttf"; path = "../src/assets/fonts/kiona_2/Kiona-Regular.ttf"; sourceTree = "<group>"; fileEncoding = undefined; lastKnownFileType = unknown; explicitFileType = undefined; includeInIndex = 0; };
		96D707F7639E44CFBFE4B235 /* arial.ttf */ = {isa = PBXFileReference; name = "arial.ttf"; path = "../src/assets/fonts/FontesWindows/arial.ttf"; sourceTree = "<group>"; fileEncoding = undefined; lastKnownFileType = unknown; explicitFileType = undefined; includeInIndex = 0; };
		920BF582063C4D559D1C872B /* arialbd.ttf */ = {isa = PBXFileReference; name = "arialbd.ttf"; path = "../src/assets/fonts/FontesWindows/arialbd.ttf"; sourceTree = "<group>"; fileEncoding = undefined; lastKnownFileType = unknown; explicitFileType = undefined; includeInIndex = 0; };
		F930433A590D4EA4A09DC4E7 /* arialbi.ttf */ = {isa = PBXFileReference; name = "arialbi.ttf"; path = "../src/assets/fonts/FontesWindows/arialbi.ttf"; sourceTree = "<group>"; fileEncoding = undefined; lastKnownFileType = unknown; explicitFileType = undefined; includeInIndex = 0; };
		16C4D0CEF97648B0B1BC70C5 /* ariali.ttf */ = {isa = PBXFileReference; name = "ariali.ttf"; path = "../src/assets/fonts/FontesWindows/ariali.ttf"; sourceTree = "<group>"; fileEncoding = undefined; lastKnownFileType = unknown; explicitFileType = undefined; includeInIndex = 0; };
		4D48BC03C58247E2BC93F79D /* ariblk.ttf */ = {isa = PBXFileReference; name = "ariblk.ttf"; path = "../src/assets/fonts/FontesWindows/ariblk.ttf"; sourceTree = "<group>"; fileEncoding = undefined; lastKnownFileType = unknown; explicitFileType = undefined; includeInIndex = 0; };
		352DACBD02C6408CA32FAAAD /* bahnschrift.ttf */ = {isa = PBXFileReference; name = "bahnschrift.ttf"; path = "../src/assets/fonts/FontesWindows/bahnschrift.ttf"; sourceTree = "<group>"; fileEncoding = undefined; lastKnownFileType = unknown; explicitFileType = undefined; includeInIndex = 0; };
		EF5F903C1EB04F53A92D0AED /* comic.ttf */ = {isa = PBXFileReference; name = "comic.ttf"; path = "../src/assets/fonts/FontesWindows/comic.ttf"; sourceTree = "<group>"; fileEncoding = undefined; lastKnownFileType = unknown; explicitFileType = undefined; includeInIndex = 0; };
		B894F15CDB8E406593988E4F /* comicbd.ttf */ = {isa = PBXFileReference; name = "comicbd.ttf"; path = "../src/assets/fonts/FontesWindows/comicbd.ttf"; sourceTree = "<group>"; fileEncoding = undefined; lastKnownFileType = unknown; explicitFileType = undefined; includeInIndex = 0; };
		7D2E71BE33184D678394187A /* comici.ttf */ = {isa = PBXFileReference; name = "comici.ttf"; path = "../src/assets/fonts/FontesWindows/comici.ttf"; sourceTree = "<group>"; fileEncoding = undefined; lastKnownFileType = unknown; explicitFileType = undefined; includeInIndex = 0; };
		FDE6B6B19DBE4F8CB26DDF78 /* comicz.ttf */ = {isa = PBXFileReference; name = "comicz.ttf"; path = "../src/assets/fonts/FontesWindows/comicz.ttf"; sourceTree = "<group>"; fileEncoding = undefined; lastKnownFileType = unknown; explicitFileType = undefined; includeInIndex = 0; };
		AC651F13C0B641FA8A6086A9 /* consola.ttf */ = {isa = PBXFileReference; name = "consola.ttf"; path = "../src/assets/fonts/FontesWindows/consola.ttf"; sourceTree = "<group>"; fileEncoding = undefined; lastKnownFileType = unknown; explicitFileType = undefined; includeInIndex = 0; };
		398FB3D7D32D4455B8556E80 /* consolab.ttf */ = {isa = PBXFileReference; name = "consolab.ttf"; path = "../src/assets/fonts/FontesWindows/consolab.ttf"; sourceTree = "<group>"; fileEncoding = undefined; lastKnownFileType = unknown; explicitFileType = undefined; includeInIndex = 0; };
		0B0E3225094C438EAF8C71AF /* consolai.ttf */ = {isa = PBXFileReference; name = "consolai.ttf"; path = "../src/assets/fonts/FontesWindows/consolai.ttf"; sourceTree = "<group>"; fileEncoding = undefined; lastKnownFileType = unknown; explicitFileType = undefined; includeInIndex = 0; };
		32F4E1E3392F49E38D27250D /* consolaz.ttf */ = {isa = PBXFileReference; name = "consolaz.ttf"; path = "../src/assets/fonts/FontesWindows/consolaz.ttf"; sourceTree = "<group>"; fileEncoding = undefined; lastKnownFileType = unknown; explicitFileType = undefined; includeInIndex = 0; };
		C762850B1CF047A68C4EC0CA /* cour.ttf */ = {isa = PBXFileReference; name = "cour.ttf"; path = "../src/assets/fonts/FontesWindows/cour.ttf"; sourceTree = "<group>"; fileEncoding = undefined; lastKnownFileType = unknown; explicitFileType = undefined; includeInIndex = 0; };
		2756DF733BE244A7ADA6A44E /* courbd.ttf */ = {isa = PBXFileReference; name = "courbd.ttf"; path = "../src/assets/fonts/FontesWindows/courbd.ttf"; sourceTree = "<group>"; fileEncoding = undefined; lastKnownFileType = unknown; explicitFileType = undefined; includeInIndex = 0; };
		FFC36E42FCC94770B2B7BBEA /* courbi.ttf */ = {isa = PBXFileReference; name = "courbi.ttf"; path = "../src/assets/fonts/FontesWindows/courbi.ttf"; sourceTree = "<group>"; fileEncoding = undefined; lastKnownFileType = unknown; explicitFileType = undefined; includeInIndex = 0; };
		F63658CB14674F7DAAAB5E88 /* couri.ttf */ = {isa = PBXFileReference; name = "couri.ttf"; path = "../src/assets/fonts/FontesWindows/couri.ttf"; sourceTree = "<group>"; fileEncoding = undefined; lastKnownFileType = unknown; explicitFileType = undefined; includeInIndex = 0; };
		B37F5688670146649411562F /* Gabriola.ttf */ = {isa = PBXFileReference; name = "Gabriola.ttf"; path = "../src/assets/fonts/FontesWindows/Gabriola.ttf"; sourceTree = "<group>"; fileEncoding = undefined; lastKnownFileType = unknown; explicitFileType = undefined; includeInIndex = 0; };
		654F90A0E4E644A1A962CE1A /* gadugi.ttf */ = {isa = PBXFileReference; name = "gadugi.ttf"; path = "../src/assets/fonts/FontesWindows/gadugi.ttf"; sourceTree = "<group>"; fileEncoding = undefined; lastKnownFileType = unknown; explicitFileType = undefined; includeInIndex = 0; };
		C0DB6CB4BE584346A6596F71 /* gadugib.ttf */ = {isa = PBXFileReference; name = "gadugib.ttf"; path = "../src/assets/fonts/FontesWindows/gadugib.ttf"; sourceTree = "<group>"; fileEncoding = undefined; lastKnownFileType = unknown; explicitFileType = undefined; includeInIndex = 0; };
		842F1E8D10644E79ADD6C899 /* GentiumPlus-I.ttf */ = {isa = PBXFileReference; name = "GentiumPlus-I.ttf"; path = "../src/assets/fonts/FontesWindows/GentiumPlus-I.ttf"; sourceTree = "<group>"; fileEncoding = undefined; lastKnownFileType = unknown; explicitFileType = undefined; includeInIndex = 0; };
		5C546F31F03B4DB49F1F57C7 /* georgia.ttf */ = {isa = PBXFileReference; name = "georgia.ttf"; path = "../src/assets/fonts/FontesWindows/georgia.ttf"; sourceTree = "<group>"; fileEncoding = undefined; lastKnownFileType = unknown; explicitFileType = undefined; includeInIndex = 0; };
		4B1A07CBD0794E538F457372 /* georgiab.ttf */ = {isa = PBXFileReference; name = "georgiab.ttf"; path = "../src/assets/fonts/FontesWindows/georgiab.ttf"; sourceTree = "<group>"; fileEncoding = undefined; lastKnownFileType = unknown; explicitFileType = undefined; includeInIndex = 0; };
		C28D0D0B59924ED5972103DD /* georgiai.ttf */ = {isa = PBXFileReference; name = "georgiai.ttf"; path = "../src/assets/fonts/FontesWindows/georgiai.ttf"; sourceTree = "<group>"; fileEncoding = undefined; lastKnownFileType = unknown; explicitFileType = undefined; includeInIndex = 0; };
		58666B6EDB2D4384BC4E7AA4 /* georgiaz.ttf */ = {isa = PBXFileReference; name = "georgiaz.ttf"; path = "../src/assets/fonts/FontesWindows/georgiaz.ttf"; sourceTree = "<group>"; fileEncoding = undefined; lastKnownFileType = unknown; explicitFileType = undefined; includeInIndex = 0; };
		3859514C5C2B4EB29577ACD7 /* himalaya.ttf */ = {isa = PBXFileReference; name = "himalaya.ttf"; path = "../src/assets/fonts/FontesWindows/himalaya.ttf"; sourceTree = "<group>"; fileEncoding = undefined; lastKnownFileType = unknown; explicitFileType = undefined; includeInIndex = 0; };
		5079E33A041B4C1AB70E25D6 /* l_10646.ttf */ = {isa = PBXFileReference; name = "l_10646.ttf"; path = "../src/assets/fonts/FontesWindows/l_10646.ttf"; sourceTree = "<group>"; fileEncoding = undefined; lastKnownFileType = unknown; explicitFileType = undefined; includeInIndex = 0; };
		288D40A564E74C0DA22A7CE4 /* LeelaUIb.ttf */ = {isa = PBXFileReference; name = "LeelaUIb.ttf"; path = "../src/assets/fonts/FontesWindows/LeelaUIb.ttf"; sourceTree = "<group>"; fileEncoding = undefined; lastKnownFileType = unknown; explicitFileType = undefined; includeInIndex = 0; };
		AE7F581295FE412AB5A8229F /* LeelawUI.ttf */ = {isa = PBXFileReference; name = "LeelawUI.ttf"; path = "../src/assets/fonts/FontesWindows/LeelawUI.ttf"; sourceTree = "<group>"; fileEncoding = undefined; lastKnownFileType = unknown; explicitFileType = undefined; includeInIndex = 0; };
		CF08BB4030424072AAE6F75B /* LeelUIsl.ttf */ = {isa = PBXFileReference; name = "LeelUIsl.ttf"; path = "../src/assets/fonts/FontesWindows/LeelUIsl.ttf"; sourceTree = "<group>"; fileEncoding = undefined; lastKnownFileType = unknown; explicitFileType = undefined; includeInIndex = 0; };
		938D3F562A724DF481E519CC /* lucon.ttf */ = {isa = PBXFileReference; name = "lucon.ttf"; path = "../src/assets/fonts/FontesWindows/lucon.ttf"; sourceTree = "<group>"; fileEncoding = undefined; lastKnownFileType = unknown; explicitFileType = undefined; includeInIndex = 0; };
		CD99BB500FAF417ABA658C59 /* malgun.ttf */ = {isa = PBXFileReference; name = "malgun.ttf"; path = "../src/assets/fonts/FontesWindows/malgun.ttf"; sourceTree = "<group>"; fileEncoding = undefined; lastKnownFileType = unknown; explicitFileType = undefined; includeInIndex = 0; };
		058E2D586467499C8CF429A5 /* micross.ttf */ = {isa = PBXFileReference; name = "micross.ttf"; path = "../src/assets/fonts/FontesWindows/micross.ttf"; sourceTree = "<group>"; fileEncoding = undefined; lastKnownFileType = unknown; explicitFileType = undefined; includeInIndex = 0; };
		032FA5A1DE28483CB519718B /* msjh.ttc */ = {isa = PBXFileReference; name = "msjh.ttc"; path = "../src/assets/fonts/FontesWindows/msjh.ttc"; sourceTree = "<group>"; fileEncoding = undefined; lastKnownFileType = unknown; explicitFileType = undefined; includeInIndex = 0; };
		3474FEF75E594B69BF8A2FAA /* msyh.ttc */ = {isa = PBXFileReference; name = "msyh.ttc"; path = "../src/assets/fonts/FontesWindows/msyh.ttc"; sourceTree = "<group>"; fileEncoding = undefined; lastKnownFileType = unknown; explicitFileType = undefined; includeInIndex = 0; };
		27341B0D283940E0A03A1B89 /* Nirmala.ttf */ = {isa = PBXFileReference; name = "Nirmala.ttf"; path = "../src/assets/fonts/FontesWindows/Nirmala.ttf"; sourceTree = "<group>"; fileEncoding = undefined; lastKnownFileType = unknown; explicitFileType = undefined; includeInIndex = 0; };
		5E530888B29B4B68864F1A4E /* NirmalaB.ttf */ = {isa = PBXFileReference; name = "NirmalaB.ttf"; path = "../src/assets/fonts/FontesWindows/NirmalaB.ttf"; sourceTree = "<group>"; fileEncoding = undefined; lastKnownFileType = unknown; explicitFileType = undefined; includeInIndex = 0; };
		0DA25778D2BF437FBB704040 /* NirmalaS.ttf */ = {isa = PBXFileReference; name = "NirmalaS.ttf"; path = "../src/assets/fonts/FontesWindows/NirmalaS.ttf"; sourceTree = "<group>"; fileEncoding = undefined; lastKnownFileType = unknown; explicitFileType = undefined; includeInIndex = 0; };
		CD1CB7149C52479BA120AE38 /* segmdl2.ttf */ = {isa = PBXFileReference; name = "segmdl2.ttf"; path = "../src/assets/fonts/FontesWindows/segmdl2.ttf"; sourceTree = "<group>"; fileEncoding = undefined; lastKnownFileType = unknown; explicitFileType = undefined; includeInIndex = 0; };
		7CCF2EA239484628B793B5E0 /* segoepr.ttf */ = {isa = PBXFileReference; name = "segoepr.ttf"; path = "../src/assets/fonts/FontesWindows/segoepr.ttf"; sourceTree = "<group>"; fileEncoding = undefined; lastKnownFileType = unknown; explicitFileType = undefined; includeInIndex = 0; };
		A51F9FCDFE8B4482804494D0 /* segoeprb.ttf */ = {isa = PBXFileReference; name = "segoeprb.ttf"; path = "../src/assets/fonts/FontesWindows/segoeprb.ttf"; sourceTree = "<group>"; fileEncoding = undefined; lastKnownFileType = unknown; explicitFileType = undefined; includeInIndex = 0; };
		C476AAB6D653405ABC9760E5 /* segoesc.ttf */ = {isa = PBXFileReference; name = "segoesc.ttf"; path = "../src/assets/fonts/FontesWindows/segoesc.ttf"; sourceTree = "<group>"; fileEncoding = undefined; lastKnownFileType = unknown; explicitFileType = undefined; includeInIndex = 0; };
		696072BFBA9346AA920296AA /* segoescb.ttf */ = {isa = PBXFileReference; name = "segoescb.ttf"; path = "../src/assets/fonts/FontesWindows/segoescb.ttf"; sourceTree = "<group>"; fileEncoding = undefined; lastKnownFileType = unknown; explicitFileType = undefined; includeInIndex = 0; };
		97E080B5EE3B4A6081C87188 /* segoeui.ttf */ = {isa = PBXFileReference; name = "segoeui.ttf"; path = "../src/assets/fonts/FontesWindows/segoeui.ttf"; sourceTree = "<group>"; fileEncoding = undefined; lastKnownFileType = unknown; explicitFileType = undefined; includeInIndex = 0; };
		3D26D42212BA4906A6B45577 /* segoeuib.ttf */ = {isa = PBXFileReference; name = "segoeuib.ttf"; path = "../src/assets/fonts/FontesWindows/segoeuib.ttf"; sourceTree = "<group>"; fileEncoding = undefined; lastKnownFileType = unknown; explicitFileType = undefined; includeInIndex = 0; };
		ABCAF8DF4E0C4FAC888396B2 /* segoeuii.ttf */ = {isa = PBXFileReference; name = "segoeuii.ttf"; path = "../src/assets/fonts/FontesWindows/segoeuii.ttf"; sourceTree = "<group>"; fileEncoding = undefined; lastKnownFileType = unknown; explicitFileType = undefined; includeInIndex = 0; };
		7384F1C7A6A84009B36B2622 /* segoeuil.ttf */ = {isa = PBXFileReference; name = "segoeuil.ttf"; path = "../src/assets/fonts/FontesWindows/segoeuil.ttf"; sourceTree = "<group>"; fileEncoding = undefined; lastKnownFileType = unknown; explicitFileType = undefined; includeInIndex = 0; };
		73419E4649C94171B0F28A4C /* segoeuisl.ttf */ = {isa = PBXFileReference; name = "segoeuisl.ttf"; path = "../src/assets/fonts/FontesWindows/segoeuisl.ttf"; sourceTree = "<group>"; fileEncoding = undefined; lastKnownFileType = unknown; explicitFileType = undefined; includeInIndex = 0; };
		2CB1C25110814BAEA7A4DEC3 /* segoeuiz.ttf */ = {isa = PBXFileReference; name = "segoeuiz.ttf"; path = "../src/assets/fonts/FontesWindows/segoeuiz.ttf"; sourceTree = "<group>"; fileEncoding = undefined; lastKnownFileType = unknown; explicitFileType = undefined; includeInIndex = 0; };
		95C2916C166749A494180A02 /* seguibl.ttf */ = {isa = PBXFileReference; name = "seguibl.ttf"; path = "../src/assets/fonts/FontesWindows/seguibl.ttf"; sourceTree = "<group>"; fileEncoding = undefined; lastKnownFileType = unknown; explicitFileType = undefined; includeInIndex = 0; };
		851E3B6E275D497BA954E485 /* seguibli.ttf */ = {isa = PBXFileReference; name = "seguibli.ttf"; path = "../src/assets/fonts/FontesWindows/seguibli.ttf"; sourceTree = "<group>"; fileEncoding = undefined; lastKnownFileType = unknown; explicitFileType = undefined; includeInIndex = 0; };
		EA68C81CB9EB4F068E0866EE /* seguiemj.ttf */ = {isa = PBXFileReference; name = "seguiemj.ttf"; path = "../src/assets/fonts/FontesWindows/seguiemj.ttf"; sourceTree = "<group>"; fileEncoding = undefined; lastKnownFileType = unknown; explicitFileType = undefined; includeInIndex = 0; };
		4B1F45A4A71C400F8A526E3D /* seguihis.ttf */ = {isa = PBXFileReference; name = "seguihis.ttf"; path = "../src/assets/fonts/FontesWindows/seguihis.ttf"; sourceTree = "<group>"; fileEncoding = undefined; lastKnownFileType = unknown; explicitFileType = undefined; includeInIndex = 0; };
		7F44863C5DE441C59590DC8B /* seguili.ttf */ = {isa = PBXFileReference; name = "seguili.ttf"; path = "../src/assets/fonts/FontesWindows/seguili.ttf"; sourceTree = "<group>"; fileEncoding = undefined; lastKnownFileType = unknown; explicitFileType = undefined; includeInIndex = 0; };
		F1E4852A2EEF4E15BB69A5BC /* seguisb.ttf */ = {isa = PBXFileReference; name = "seguisb.ttf"; path = "../src/assets/fonts/FontesWindows/seguisb.ttf"; sourceTree = "<group>"; fileEncoding = undefined; lastKnownFileType = unknown; explicitFileType = undefined; includeInIndex = 0; };
		545D9A90E93F4475A34D4C06 /* seguisbi.ttf */ = {isa = PBXFileReference; name = "seguisbi.ttf"; path = "../src/assets/fonts/FontesWindows/seguisbi.ttf"; sourceTree = "<group>"; fileEncoding = undefined; lastKnownFileType = unknown; explicitFileType = undefined; includeInIndex = 0; };
		CA9786D21A9D42A5BE850601 /* seguisli.ttf */ = {isa = PBXFileReference; name = "seguisli.ttf"; path = "../src/assets/fonts/FontesWindows/seguisli.ttf"; sourceTree = "<group>"; fileEncoding = undefined; lastKnownFileType = unknown; explicitFileType = undefined; includeInIndex = 0; };
		F10A35E71BCE41A2B0AB916A /* seguisym.ttf */ = {isa = PBXFileReference; name = "seguisym.ttf"; path = "../src/assets/fonts/FontesWindows/seguisym.ttf"; sourceTree = "<group>"; fileEncoding = undefined; lastKnownFileType = unknown; explicitFileType = undefined; includeInIndex = 0; };
		982C24362CA14568BCE8C6C0 /* sylfaen.ttf */ = {isa = PBXFileReference; name = "sylfaen.ttf"; path = "../src/assets/fonts/FontesWindows/sylfaen.ttf"; sourceTree = "<group>"; fileEncoding = undefined; lastKnownFileType = unknown; explicitFileType = undefined; includeInIndex = 0; };
		2B676987F7524D6991D07999 /* symbol.ttf */ = {isa = PBXFileReference; name = "symbol.ttf"; path = "../src/assets/fonts/FontesWindows/symbol.ttf"; sourceTree = "<group>"; fileEncoding = undefined; lastKnownFileType = unknown; explicitFileType = undefined; includeInIndex = 0; };
		D2FC602B430D4F97B370242E /* tahoma.ttf */ = {isa = PBXFileReference; name = "tahoma.ttf"; path = "../src/assets/fonts/FontesWindows/tahoma.ttf"; sourceTree = "<group>"; fileEncoding = undefined; lastKnownFileType = unknown; explicitFileType = undefined; includeInIndex = 0; };
		571A40A70AA44CF4A218A593 /* tahomabd.ttf */ = {isa = PBXFileReference; name = "tahomabd.ttf"; path = "../src/assets/fonts/FontesWindows/tahomabd.ttf"; sourceTree = "<group>"; fileEncoding = undefined; lastKnownFileType = unknown; explicitFileType = undefined; includeInIndex = 0; };
		8E9D9FBD125542959A004EC9 /* taile.ttf */ = {isa = PBXFileReference; name = "taile.ttf"; path = "../src/assets/fonts/FontesWindows/taile.ttf"; sourceTree = "<group>"; fileEncoding = undefined; lastKnownFileType = unknown; explicitFileType = undefined; includeInIndex = 0; };
		118FE792CD004E3D93E22A8D /* taileb.ttf */ = {isa = PBXFileReference; name = "taileb.ttf"; path = "../src/assets/fonts/FontesWindows/taileb.ttf"; sourceTree = "<group>"; fileEncoding = undefined; lastKnownFileType = unknown; explicitFileType = undefined; includeInIndex = 0; };
		F9128774A9D54D1885706164 /* times.ttf */ = {isa = PBXFileReference; name = "times.ttf"; path = "../src/assets/fonts/FontesWindows/times.ttf"; sourceTree = "<group>"; fileEncoding = undefined; lastKnownFileType = unknown; explicitFileType = undefined; includeInIndex = 0; };
		0AE5DB7026DF4780B95C73E1 /* timesbd.ttf */ = {isa = PBXFileReference; name = "timesbd.ttf"; path = "../src/assets/fonts/FontesWindows/timesbd.ttf"; sourceTree = "<group>"; fileEncoding = undefined; lastKnownFileType = unknown; explicitFileType = undefined; includeInIndex = 0; };
		3755BFCFA47F4A59A49C083A /* timesbi.ttf */ = {isa = PBXFileReference; name = "timesbi.ttf"; path = "../src/assets/fonts/FontesWindows/timesbi.ttf"; sourceTree = "<group>"; fileEncoding = undefined; lastKnownFileType = unknown; explicitFileType = undefined; includeInIndex = 0; };
		86D4F14B4196433392C1CDD7 /* timesi.ttf */ = {isa = PBXFileReference; name = "timesi.ttf"; path = "../src/assets/fonts/FontesWindows/timesi.ttf"; sourceTree = "<group>"; fileEncoding = undefined; lastKnownFileType = unknown; explicitFileType = undefined; includeInIndex = 0; };
		2741C5075B094A4DB1E3C3B9 /* wingding.ttf */ = {isa = PBXFileReference; name = "wingding.ttf"; path = "../src/assets/fonts/FontesWindows/wingding.ttf"; sourceTree = "<group>"; fileEncoding = undefined; lastKnownFileType = unknown; explicitFileType = undefined; includeInIndex = 0; };
/* End PBXFileReference section */

/* Begin PBXFrameworksBuildPhase section */
		00E356EB1AD99517003FC87E /* Frameworks */ = {
			isa = PBXFrameworksBuildPhase;
			buildActionMask = 2147483647;
			files = (
			);
			runOnlyForDeploymentPostprocessing = 0;
		};
		13B07F8C1A680F5B00A75B9A /* Frameworks */ = {
			isa = PBXFrameworksBuildPhase;
			buildActionMask = 2147483647;
			files = (
			);
			runOnlyForDeploymentPostprocessing = 0;
		};
		2D02E4781E0B4A5D006451C7 /* Frameworks */ = {
			isa = PBXFrameworksBuildPhase;
			buildActionMask = 2147483647;
			files = (
			);
			runOnlyForDeploymentPostprocessing = 0;
		};
		2D02E48D1E0B4A5D006451C7 /* Frameworks */ = {
			isa = PBXFrameworksBuildPhase;
			buildActionMask = 2147483647;
			files = (
			);
			runOnlyForDeploymentPostprocessing = 0;
		};
/* End PBXFrameworksBuildPhase section */

/* Begin PBXGroup section */
		00E356EF1AD99517003FC87E /* SerafinsTests */ = {
			isa = PBXGroup;
			children = (
				00E356F21AD99517003FC87E /* SerafinsTests.m */,
				00E356F01AD99517003FC87E /* Supporting Files */,
			);
			path = SerafinsTests;
			sourceTree = "<group>";
		};
		00E356F01AD99517003FC87E /* Supporting Files */ = {
			isa = PBXGroup;
			children = (
				00E356F11AD99517003FC87E /* Info.plist */,
			);
			name = "Supporting Files";
			sourceTree = "<group>";
		};
		13B07FAE1A68108700A75B9A /* Serafins */ = {
			isa = PBXGroup;
			children = (
				008F07F21AC5B25A0029DE68 /* main.jsbundle */,
				13B07FAF1A68108700A75B9A /* AppDelegate.h */,
				13B07FB01A68108700A75B9A /* AppDelegate.m */,
				13B07FB51A68108700A75B9A /* Images.xcassets */,
				13B07FB61A68108700A75B9A /* Info.plist */,
				13B07FB11A68108700A75B9A /* LaunchScreen.xib */,
				13B07FB71A68108700A75B9A /* main.m */,
			);
			name = Serafins;
			sourceTree = "<group>";
		};
		2D16E6871FA4F8E400B85C8A /* Frameworks */ = {
			isa = PBXGroup;
			children = (
				ED297162215061F000B7C4FE /* JavaScriptCore.framework */,
				ED2971642150620600B7C4FE /* JavaScriptCore.framework */,
			);
			name = Frameworks;
			sourceTree = "<group>";
		};
		832341AE1AAA6A7D00B99B32 /* Libraries */ = {
			isa = PBXGroup;
			children = (
			);
			name = Libraries;
			sourceTree = "<group>";
		};
		83CBB9F61A601CBA00E9B192 = {
			isa = PBXGroup;
			children = (
				13B07FAE1A68108700A75B9A /* Serafins */,
				832341AE1AAA6A7D00B99B32 /* Libraries */,
				00E356EF1AD99517003FC87E /* SerafinsTests */,
				83CBBA001A601CBA00E9B192 /* Products */,
				2D16E6871FA4F8E400B85C8A /* Frameworks */,
				1C46FFB394664077BB8486A6 /* Resources */,
			);
			indentWidth = 2;
			sourceTree = "<group>";
			tabWidth = 2;
			usesTabs = 0;
		};
		83CBBA001A601CBA00E9B192 /* Products */ = {
			isa = PBXGroup;
			children = (
				13B07F961A680F5B00A75B9A /* Serafins.app */,
				00E356EE1AD99517003FC87E /* SerafinsTests.xctest */,
				2D02E47B1E0B4A5D006451C7 /* Serafins-tvOS.app */,
				2D02E4901E0B4A5D006451C7 /* Serafins-tvOSTests.xctest */,
			);
			name = Products;
			sourceTree = "<group>";
		};
		1C46FFB394664077BB8486A6 /* Resources */ = {
			isa = "PBXGroup";
			children = (
				7CFDCADAFF3B4FB1899A1DB2 /* GentiumPlus-I.ttf */,
				17A4051CA79D4CE186A47515 /* GentiumPlus-R.ttf */,
				D300DAA4F6724352A5D6D142 /* icomoon.ttf */,
				AB4143C925004864AB5838D3 /* AntDesign.ttf */,
				7C52A347BD3D4F668E6A052D /* Entypo.ttf */,
				ECBBD3A203E14E68B9F78E9E /* EvilIcons.ttf */,
				1948F1B7F7234448B44FA97A /* Feather.ttf */,
				7C6D1BBD50244ED3873D4956 /* FontAwesome.ttf */,
				F8037D5EA51A4B79BC211F06 /* FontAwesome5_Brands.ttf */,
				CC30E3278DD1438B854235C3 /* FontAwesome5_Regular.ttf */,
				7105FA5B93A74584ADC46835 /* FontAwesome5_Solid.ttf */,
				B361D364E7BA4BBC9AD6F46A /* Fontisto.ttf */,
				5F13D5FA249F4350B0332696 /* Foundation.ttf */,
				D188F64D98FC403497ED88B5 /* Ionicons.ttf */,
				D96F0A6A30914C46B880F52C /* MaterialCommunityIcons.ttf */,
				2CEED50DE9584A6B972499AF /* MaterialIcons.ttf */,
				40FEC2243DAB4852BA426DF5 /* Octicons.ttf */,
				36B105C4A9BB44D79204B01E /* SimpleLineIcons.ttf */,
				A3E761432D60454BB2355D0B /* Zocial.ttf */,
				EA0E9522824142A9A6EC0054 /* Arial.ttf */,
				4C9776DDF5E04A3E9FC7EA29 /* ceaswfte.ttf */,
				22C01E4F3BAA432C90C396D6 /* cebswfte.ttf */,
				C62634A6B1044270A21741A3 /* ceiswfte.ttf */,
				C41D7BB7C545488B9494ACBA /* Century Bold Italic.ttf */,
				66B5CE3FA6934FA092D6D65B /* Century Bold.ttf */,
				BAAD18C2280047F9A872A69D /* Century Normal.ttf */,
				30596DA9D9AB4E719CBCB42D /* CENTURY.ttf */,
				B6AD3114D0664F04BA798BEB /* Kiona-Itallic.ttf */,
				9039F73172B24187A14943B0 /* Kiona-Regular.ttf */,
				96D707F7639E44CFBFE4B235 /* arial.ttf */,
				920BF582063C4D559D1C872B /* arialbd.ttf */,
				F930433A590D4EA4A09DC4E7 /* arialbi.ttf */,
				16C4D0CEF97648B0B1BC70C5 /* ariali.ttf */,
				4D48BC03C58247E2BC93F79D /* ariblk.ttf */,
				352DACBD02C6408CA32FAAAD /* bahnschrift.ttf */,
				EF5F903C1EB04F53A92D0AED /* comic.ttf */,
				B894F15CDB8E406593988E4F /* comicbd.ttf */,
				7D2E71BE33184D678394187A /* comici.ttf */,
				FDE6B6B19DBE4F8CB26DDF78 /* comicz.ttf */,
				AC651F13C0B641FA8A6086A9 /* consola.ttf */,
				398FB3D7D32D4455B8556E80 /* consolab.ttf */,
				0B0E3225094C438EAF8C71AF /* consolai.ttf */,
				32F4E1E3392F49E38D27250D /* consolaz.ttf */,
				C762850B1CF047A68C4EC0CA /* cour.ttf */,
				2756DF733BE244A7ADA6A44E /* courbd.ttf */,
				FFC36E42FCC94770B2B7BBEA /* courbi.ttf */,
				F63658CB14674F7DAAAB5E88 /* couri.ttf */,
				B37F5688670146649411562F /* Gabriola.ttf */,
				654F90A0E4E644A1A962CE1A /* gadugi.ttf */,
				C0DB6CB4BE584346A6596F71 /* gadugib.ttf */,
				842F1E8D10644E79ADD6C899 /* GentiumPlus-I.ttf */,
				5C546F31F03B4DB49F1F57C7 /* georgia.ttf */,
				4B1A07CBD0794E538F457372 /* georgiab.ttf */,
				C28D0D0B59924ED5972103DD /* georgiai.ttf */,
				58666B6EDB2D4384BC4E7AA4 /* georgiaz.ttf */,
				3859514C5C2B4EB29577ACD7 /* himalaya.ttf */,
				5079E33A041B4C1AB70E25D6 /* l_10646.ttf */,
				288D40A564E74C0DA22A7CE4 /* LeelaUIb.ttf */,
				AE7F581295FE412AB5A8229F /* LeelawUI.ttf */,
				CF08BB4030424072AAE6F75B /* LeelUIsl.ttf */,
				938D3F562A724DF481E519CC /* lucon.ttf */,
				CD99BB500FAF417ABA658C59 /* malgun.ttf */,
				058E2D586467499C8CF429A5 /* micross.ttf */,
				032FA5A1DE28483CB519718B /* msjh.ttc */,
				3474FEF75E594B69BF8A2FAA /* msyh.ttc */,
				27341B0D283940E0A03A1B89 /* Nirmala.ttf */,
				5E530888B29B4B68864F1A4E /* NirmalaB.ttf */,
				0DA25778D2BF437FBB704040 /* NirmalaS.ttf */,
				CD1CB7149C52479BA120AE38 /* segmdl2.ttf */,
				7CCF2EA239484628B793B5E0 /* segoepr.ttf */,
				A51F9FCDFE8B4482804494D0 /* segoeprb.ttf */,
				C476AAB6D653405ABC9760E5 /* segoesc.ttf */,
				696072BFBA9346AA920296AA /* segoescb.ttf */,
				97E080B5EE3B4A6081C87188 /* segoeui.ttf */,
				3D26D42212BA4906A6B45577 /* segoeuib.ttf */,
				ABCAF8DF4E0C4FAC888396B2 /* segoeuii.ttf */,
				7384F1C7A6A84009B36B2622 /* segoeuil.ttf */,
				73419E4649C94171B0F28A4C /* segoeuisl.ttf */,
				2CB1C25110814BAEA7A4DEC3 /* segoeuiz.ttf */,
				95C2916C166749A494180A02 /* seguibl.ttf */,
				851E3B6E275D497BA954E485 /* seguibli.ttf */,
				EA68C81CB9EB4F068E0866EE /* seguiemj.ttf */,
				4B1F45A4A71C400F8A526E3D /* seguihis.ttf */,
				7F44863C5DE441C59590DC8B /* seguili.ttf */,
				F1E4852A2EEF4E15BB69A5BC /* seguisb.ttf */,
				545D9A90E93F4475A34D4C06 /* seguisbi.ttf */,
				CA9786D21A9D42A5BE850601 /* seguisli.ttf */,
				F10A35E71BCE41A2B0AB916A /* seguisym.ttf */,
				982C24362CA14568BCE8C6C0 /* sylfaen.ttf */,
				2B676987F7524D6991D07999 /* symbol.ttf */,
				D2FC602B430D4F97B370242E /* tahoma.ttf */,
				571A40A70AA44CF4A218A593 /* tahomabd.ttf */,
				8E9D9FBD125542959A004EC9 /* taile.ttf */,
				118FE792CD004E3D93E22A8D /* taileb.ttf */,
				F9128774A9D54D1885706164 /* times.ttf */,
				0AE5DB7026DF4780B95C73E1 /* timesbd.ttf */,
				3755BFCFA47F4A59A49C083A /* timesbi.ttf */,
				86D4F14B4196433392C1CDD7 /* timesi.ttf */,
				2741C5075B094A4DB1E3C3B9 /* wingding.ttf */,
			);
			name = Resources;
			sourceTree = "<group>";
			path = "";
		};
/* End PBXGroup section */

/* Begin PBXNativeTarget section */
		00E356ED1AD99517003FC87E /* SerafinsTests */ = {
			isa = PBXNativeTarget;
			buildConfigurationList = 00E357021AD99517003FC87E /* Build configuration list for PBXNativeTarget "SerafinsTests" */;
			buildPhases = (
				00E356EA1AD99517003FC87E /* Sources */,
				00E356EB1AD99517003FC87E /* Frameworks */,
				00E356EC1AD99517003FC87E /* Resources */,
			);
			buildRules = (
			);
			dependencies = (
				00E356F51AD99517003FC87E /* PBXTargetDependency */,
			);
			name = SerafinsTests;
			productName = SerafinsTests;
			productReference = 00E356EE1AD99517003FC87E /* SerafinsTests.xctest */;
			productType = "com.apple.product-type.bundle.unit-test";
		};
		13B07F861A680F5B00A75B9A /* Serafins */ = {
			isa = PBXNativeTarget;
			buildConfigurationList = 13B07F931A680F5B00A75B9A /* Build configuration list for PBXNativeTarget "Serafins" */;
			buildPhases = (
				FD10A7F022414F080027D42C /* Start Packager */,
				13B07F871A680F5B00A75B9A /* Sources */,
				13B07F8C1A680F5B00A75B9A /* Frameworks */,
				13B07F8E1A680F5B00A75B9A /* Resources */,
				00DD1BFF1BD5951E006B06BC /* Bundle React Native code and images */,
			);
			buildRules = (
			);
			dependencies = (
			);
			name = Serafins;
			productName = "Serafins";
			productReference = 13B07F961A680F5B00A75B9A /* Serafins.app */;
			productType = "com.apple.product-type.application";
		};
		2D02E47A1E0B4A5D006451C7 /* Serafins-tvOS */ = {
			isa = PBXNativeTarget;
			buildConfigurationList = 2D02E4BA1E0B4A5E006451C7 /* Build configuration list for PBXNativeTarget "Serafins-tvOS" */;
			buildPhases = (
				FD10A7F122414F3F0027D42C /* Start Packager */,
				2D02E4771E0B4A5D006451C7 /* Sources */,
				2D02E4781E0B4A5D006451C7 /* Frameworks */,
				2D02E4791E0B4A5D006451C7 /* Resources */,
				2D02E4CB1E0B4B27006451C7 /* Bundle React Native Code And Images */,
			);
			buildRules = (
			);
			dependencies = (
			);
			name = "Serafins-tvOS";
			productName = "Serafins-tvOS";
			productReference = 2D02E47B1E0B4A5D006451C7 /* Serafins-tvOS.app */;
			productType = "com.apple.product-type.application";
		};
		2D02E48F1E0B4A5D006451C7 /* Serafins-tvOSTests */ = {
			isa = PBXNativeTarget;
			buildConfigurationList = 2D02E4BB1E0B4A5E006451C7 /* Build configuration list for PBXNativeTarget "Serafins-tvOSTests" */;
			buildPhases = (
				2D02E48C1E0B4A5D006451C7 /* Sources */,
				2D02E48D1E0B4A5D006451C7 /* Frameworks */,
				2D02E48E1E0B4A5D006451C7 /* Resources */,
			);
			buildRules = (
			);
			dependencies = (
				2D02E4921E0B4A5D006451C7 /* PBXTargetDependency */,
			);
			name = "Serafins-tvOSTests";
			productName = "Serafins-tvOSTests";
			productReference = 2D02E4901E0B4A5D006451C7 /* Serafins-tvOSTests.xctest */;
			productType = "com.apple.product-type.bundle.unit-test";
		};
/* End PBXNativeTarget section */

/* Begin PBXProject section */
		83CBB9F71A601CBA00E9B192 /* Project object */ = {
			isa = PBXProject;
			attributes = {
				LastUpgradeCheck = 940;
				ORGANIZATIONNAME = Facebook;
				TargetAttributes = {
					00E356ED1AD99517003FC87E = {
						CreatedOnToolsVersion = 6.2;
						TestTargetID = 13B07F861A680F5B00A75B9A;
					};
					2D02E47A1E0B4A5D006451C7 = {
						CreatedOnToolsVersion = 8.2.1;
						ProvisioningStyle = Automatic;
					};
					2D02E48F1E0B4A5D006451C7 = {
						CreatedOnToolsVersion = 8.2.1;
						ProvisioningStyle = Automatic;
						TestTargetID = 2D02E47A1E0B4A5D006451C7;
					};
				};
			};
			buildConfigurationList = 83CBB9FA1A601CBA00E9B192 /* Build configuration list for PBXProject "Serafins" */;
			compatibilityVersion = "Xcode 3.2";
			developmentRegion = English;
			hasScannedForEncodings = 0;
			knownRegions = (
				en,
				Base,
			);
			mainGroup = 83CBB9F61A601CBA00E9B192;
			productRefGroup = 83CBBA001A601CBA00E9B192 /* Products */;
			projectDirPath = "";
			projectRoot = "";
			targets = (
				13B07F861A680F5B00A75B9A /* Serafins */,
				00E356ED1AD99517003FC87E /* SerafinsTests */,
				2D02E47A1E0B4A5D006451C7 /* Serafins-tvOS */,
				2D02E48F1E0B4A5D006451C7 /* Serafins-tvOSTests */,
			);
		};
/* End PBXProject section */

/* Begin PBXResourcesBuildPhase section */
		00E356EC1AD99517003FC87E /* Resources */ = {
			isa = PBXResourcesBuildPhase;
			buildActionMask = 2147483647;
			files = (
			);
			runOnlyForDeploymentPostprocessing = 0;
		};
		13B07F8E1A680F5B00A75B9A /* Resources */ = {
			isa = PBXResourcesBuildPhase;
			buildActionMask = 2147483647;
			files = (
				13B07FBF1A68108700A75B9A /* Images.xcassets in Resources */,
				13B07FBD1A68108700A75B9A /* LaunchScreen.xib in Resources */,
				69B4FC930DBF4DF79E6D9AEA /* GentiumPlus-I.ttf in Resources */,
				11B3DC0A0588462AA238749D /* GentiumPlus-R.ttf in Resources */,
				86DE34AC01AA4D39830ADE78 /* icomoon.ttf in Resources */,
				90E2DA7F179A4135B2B323A6 /* AntDesign.ttf in Resources */,
				3AC3EAE57AED4592BF3B4995 /* Entypo.ttf in Resources */,
				C4183C5AD1474931BCE95213 /* EvilIcons.ttf in Resources */,
				7A3E2FDE51A34F83A26620DA /* Feather.ttf in Resources */,
				1560385C954347A698984AFD /* FontAwesome.ttf in Resources */,
				31540A81AF4D46FA997778F1 /* FontAwesome5_Brands.ttf in Resources */,
				6B3042390DDA45B98AA60380 /* FontAwesome5_Regular.ttf in Resources */,
				EED9EB88F2FE4F5183C457FC /* FontAwesome5_Solid.ttf in Resources */,
				D1EA8EB8621C4A9AB9AD4A58 /* Fontisto.ttf in Resources */,
				0346485DBC5F4BD3BFE8A2DC /* Foundation.ttf in Resources */,
				1EC6C9F878C4423D9E9C57B0 /* Ionicons.ttf in Resources */,
				2337370E34EC4F72B73B445A /* MaterialCommunityIcons.ttf in Resources */,
				C339EA14AE48470593948557 /* MaterialIcons.ttf in Resources */,
				07BD04BA2EBC40D9BC10821C /* Octicons.ttf in Resources */,
				8DAA6954AD76491F96361459 /* SimpleLineIcons.ttf in Resources */,
				CF29845D636F490A92FA9067 /* Zocial.ttf in Resources */,
				EB6B11E1287548F784ED5804 /* Arial.ttf in Resources */,
				1DB13F00806B4156B7FBBEC5 /* ceaswfte.ttf in Resources */,
				B016BDB22613443DBB53FF90 /* cebswfte.ttf in Resources */,
				9E7AD0776A62421AA9E6C738 /* ceiswfte.ttf in Resources */,
				6A6DF458C6F44634BB36457B /* Century Bold Italic.ttf in Resources */,
				0B2E833E563B418EA6586A4E /* Century Bold.ttf in Resources */,
				8F42F982C73B4989B0B5818A /* Century Normal.ttf in Resources */,
				96BD1C3EF6784483B89C4CFE /* CENTURY.ttf in Resources */,
				5BC00106D5A046BF89DB3249 /* Kiona-Itallic.ttf in Resources */,
				3D3A3F6D640745A2B861E231 /* Kiona-Regular.ttf in Resources */,
				848F7EDC001945559733E6A3 /* arial.ttf in Resources */,
				1B1CECEAED724100AE3D76C1 /* arialbd.ttf in Resources */,
				DB66AC3F286840CE9BD7D5A6 /* arialbi.ttf in Resources */,
				F619A1EEB19D4892B64DB8AE /* ariali.ttf in Resources */,
				530A05DC0AA945FAAD58470C /* ariblk.ttf in Resources */,
				4D7475156E014928B01C2D9A /* bahnschrift.ttf in Resources */,
				2C790CABD7494D6990F6F775 /* comic.ttf in Resources */,
				63C1783CD47A408D89D21971 /* comicbd.ttf in Resources */,
				16CF5370AE7B4CABA6838F1D /* comici.ttf in Resources */,
				044AD7C34CE94EA797D66B1A /* comicz.ttf in Resources */,
				786D2B59E20948B99ACC4F83 /* consola.ttf in Resources */,
				FF3050DE13B2404C8603C0E6 /* consolab.ttf in Resources */,
				ABF67C617E204EEC89D71EDC /* consolai.ttf in Resources */,
				70476CDE59B54B809797D135 /* consolaz.ttf in Resources */,
				DF676B02445A4192B34CDD9C /* cour.ttf in Resources */,
				6268C7AAFDE6428BAEE8BB95 /* courbd.ttf in Resources */,
				72DC62C24BF049FDB9CF6A98 /* courbi.ttf in Resources */,
				FC1576B963FD428E9A1967EA /* couri.ttf in Resources */,
				368C8608094E4998B7250408 /* Gabriola.ttf in Resources */,
				9D954AF372A54B8BA727967E /* gadugi.ttf in Resources */,
				F6807B663DA8413FB709E862 /* gadugib.ttf in Resources */,
				82FC409F5A6B4791A954FEA1 /* GentiumPlus-I.ttf in Resources */,
				CA2A4011F05848F09A623BE8 /* georgia.ttf in Resources */,
				63454FC0508D49A1B5963E91 /* georgiab.ttf in Resources */,
				769090AE961C4B5BB6855ECF /* georgiai.ttf in Resources */,
				6004D28C6A7C426F82BC1A14 /* georgiaz.ttf in Resources */,
				5339E981AEC2491E976AD3DC /* himalaya.ttf in Resources */,
				5F719B97732742C18A4547CD /* l_10646.ttf in Resources */,
				B20F5A5BBB0D4A63850D92CB /* LeelaUIb.ttf in Resources */,
				25B2BCAD6A8641C7A99F730F /* LeelawUI.ttf in Resources */,
				7BFA13D43CFE41C084BD110C /* LeelUIsl.ttf in Resources */,
				C7D2F0D175D045ECB114F669 /* lucon.ttf in Resources */,
				B1EA1D645BA441839E6059E1 /* malgun.ttf in Resources */,
				3FA8ECB7A39E405CB8EBC18E /* micross.ttf in Resources */,
				284EF44D3CBD44A288DABCA0 /* msjh.ttc in Resources */,
				6EB89C674CFB41609AA8B498 /* msyh.ttc in Resources */,
				F2FDC6FBE51F4A23B921138D /* Nirmala.ttf in Resources */,
				AF46D249391C46E8B9EF37DF /* NirmalaB.ttf in Resources */,
				FF086BECA88D49AE891FECD9 /* NirmalaS.ttf in Resources */,
				BD6BCA3F08A44ECBBCA3DFB8 /* segmdl2.ttf in Resources */,
				B63EF73C2D7849139ECFFEFF /* segoepr.ttf in Resources */,
				FA108A8DD48D4B67AE17F76E /* segoeprb.ttf in Resources */,
				2E5D0E4354BC4D2D94B96FD4 /* segoesc.ttf in Resources */,
				FA2AD6194AF94370B5C3B120 /* segoescb.ttf in Resources */,
				543948C4BCA54517968808CC /* segoeui.ttf in Resources */,
				9B21315AC27044DF994A7DD5 /* segoeuib.ttf in Resources */,
				7394D4D3EC714B668D8D5150 /* segoeuii.ttf in Resources */,
				7BB6A48DED9F4F2D9C699213 /* segoeuil.ttf in Resources */,
				4AFE54F6BBEC4C96A683B04A /* segoeuisl.ttf in Resources */,
				C594A5778E5E4DB98E914190 /* segoeuiz.ttf in Resources */,
				CD63F94B55D84727B67F05E9 /* seguibl.ttf in Resources */,
				2FD3240C5E744984A033480E /* seguibli.ttf in Resources */,
				030BBC9F70CF40548E544462 /* seguiemj.ttf in Resources */,
				1C2DEB959F3E4CD6A975436B /* seguihis.ttf in Resources */,
				73FDF549E3FF4E6C80514005 /* seguili.ttf in Resources */,
				B8DFB14A3C0D4E769CD58E82 /* seguisb.ttf in Resources */,
				49EF3E7D7211440C8F0CBF66 /* seguisbi.ttf in Resources */,
				461A5F1418AB4ACB82C03D48 /* seguisli.ttf in Resources */,
				0E0028A984BF4EFEA10387B5 /* seguisym.ttf in Resources */,
				00E30A70E3244D89936D6467 /* sylfaen.ttf in Resources */,
				B64C72A859384D8D8F122CE9 /* symbol.ttf in Resources */,
				DA8E35531A74449597191A70 /* tahoma.ttf in Resources */,
				9897E3597F5B42FC91827425 /* tahomabd.ttf in Resources */,
				44C812DD4BAE499FAD564F4F /* taile.ttf in Resources */,
				E2582EDFF7C94F10A4859C05 /* taileb.ttf in Resources */,
				764B140E196141C5B88C8101 /* times.ttf in Resources */,
				236C42A9329548179A4901F6 /* timesbd.ttf in Resources */,
				BC2746F5F7B24799AF865AD1 /* timesbi.ttf in Resources */,
				FFF4F512E7314535A5104175 /* timesi.ttf in Resources */,
				9C8FBBC1D05E471B822404BE /* wingding.ttf in Resources */,
			);
			runOnlyForDeploymentPostprocessing = 0;
		};
		2D02E4791E0B4A5D006451C7 /* Resources */ = {
			isa = PBXResourcesBuildPhase;
			buildActionMask = 2147483647;
			files = (
				2D02E4BD1E0B4A84006451C7 /* Images.xcassets in Resources */,
			);
			runOnlyForDeploymentPostprocessing = 0;
		};
		2D02E48E1E0B4A5D006451C7 /* Resources */ = {
			isa = PBXResourcesBuildPhase;
			buildActionMask = 2147483647;
			files = (
			);
			runOnlyForDeploymentPostprocessing = 0;
		};
/* End PBXResourcesBuildPhase section */

/* Begin PBXShellScriptBuildPhase section */
		00DD1BFF1BD5951E006B06BC /* Bundle React Native code and images */ = {
			isa = PBXShellScriptBuildPhase;
			buildActionMask = 2147483647;
			files = (
			);
			inputPaths = (
			);
			name = "Bundle React Native code and images";
			outputPaths = (
			);
			runOnlyForDeploymentPostprocessing = 0;
			shellPath = /bin/sh;
			shellScript = "export NODE_BINARY=node\n../node_modules/react-native/scripts/react-native-xcode.sh";
		};
		2D02E4CB1E0B4B27006451C7 /* Bundle React Native Code And Images */ = {
			isa = PBXShellScriptBuildPhase;
			buildActionMask = 2147483647;
			files = (
			);
			inputPaths = (
			);
			name = "Bundle React Native Code And Images";
			outputPaths = (
			);
			runOnlyForDeploymentPostprocessing = 0;
			shellPath = /bin/sh;
			shellScript = "export NODE_BINARY=node\n../node_modules/react-native/scripts/react-native-xcode.sh";
		};
		FD10A7F022414F080027D42C /* Start Packager */ = {
			isa = PBXShellScriptBuildPhase;
			buildActionMask = 2147483647;
			files = (
			);
			inputFileListPaths = (
			);
			inputPaths = (
			);
			name = "Start Packager";
			outputFileListPaths = (
			);
			outputPaths = (
			);
			runOnlyForDeploymentPostprocessing = 0;
			shellPath = /bin/sh;
			shellScript = "export RCT_METRO_PORT=\"${RCT_METRO_PORT:=8081}\"\necho \"export RCT_METRO_PORT=${RCT_METRO_PORT}\" > \"${SRCROOT}/../node_modules/react-native/scripts/.packager.env\"\nif [ -z \"${RCT_NO_LAUNCH_PACKAGER+xxx}\" ] ; then\n  if nc -w 5 -z localhost ${RCT_METRO_PORT} ; then\n    if ! curl -s \"http://localhost:${RCT_METRO_PORT}/status\" | grep -q \"packager-status:running\" ; then\n      echo \"Port ${RCT_METRO_PORT} already in use, packager is either not running or not running correctly\"\n      exit 2\n    fi\n  else\n    open \"$SRCROOT/../node_modules/react-native/scripts/launchPackager.command\" || echo \"Can't start packager automatically\"\n  fi\nfi\n";
			showEnvVarsInLog = 0;
		};
		FD10A7F122414F3F0027D42C /* Start Packager */ = {
			isa = PBXShellScriptBuildPhase;
			buildActionMask = 2147483647;
			files = (
			);
			inputFileListPaths = (
			);
			inputPaths = (
			);
			name = "Start Packager";
			outputFileListPaths = (
			);
			outputPaths = (
			);
			runOnlyForDeploymentPostprocessing = 0;
			shellPath = /bin/sh;
			shellScript = "export RCT_METRO_PORT=\"${RCT_METRO_PORT:=8081}\"\necho \"export RCT_METRO_PORT=${RCT_METRO_PORT}\" > \"${SRCROOT}/../node_modules/react-native/scripts/.packager.env\"\nif [ -z \"${RCT_NO_LAUNCH_PACKAGER+xxx}\" ] ; then\n  if nc -w 5 -z localhost ${RCT_METRO_PORT} ; then\n    if ! curl -s \"http://localhost:${RCT_METRO_PORT}/status\" | grep -q \"packager-status:running\" ; then\n      echo \"Port ${RCT_METRO_PORT} already in use, packager is either not running or not running correctly\"\n      exit 2\n    fi\n  else\n    open \"$SRCROOT/../node_modules/react-native/scripts/launchPackager.command\" || echo \"Can't start packager automatically\"\n  fi\nfi\n";
			showEnvVarsInLog = 0;
		};
/* End PBXShellScriptBuildPhase section */

/* Begin PBXSourcesBuildPhase section */
		00E356EA1AD99517003FC87E /* Sources */ = {
			isa = PBXSourcesBuildPhase;
			buildActionMask = 2147483647;
			files = (
				00E356F31AD99517003FC87E /* SerafinsTests.m in Sources */,
			);
			runOnlyForDeploymentPostprocessing = 0;
		};
		13B07F871A680F5B00A75B9A /* Sources */ = {
			isa = PBXSourcesBuildPhase;
			buildActionMask = 2147483647;
			files = (
				13B07FBC1A68108700A75B9A /* AppDelegate.m in Sources */,
				13B07FC11A68108700A75B9A /* main.m in Sources */,
			);
			runOnlyForDeploymentPostprocessing = 0;
		};
		2D02E4771E0B4A5D006451C7 /* Sources */ = {
			isa = PBXSourcesBuildPhase;
			buildActionMask = 2147483647;
			files = (
				2D02E4BF1E0B4AB3006451C7 /* main.m in Sources */,
				2D02E4BC1E0B4A80006451C7 /* AppDelegate.m in Sources */,
			);
			runOnlyForDeploymentPostprocessing = 0;
		};
		2D02E48C1E0B4A5D006451C7 /* Sources */ = {
			isa = PBXSourcesBuildPhase;
			buildActionMask = 2147483647;
			files = (
				2DCD954D1E0B4F2C00145EB5 /* SerafinsTests.m in Sources */,
			);
			runOnlyForDeploymentPostprocessing = 0;
		};
/* End PBXSourcesBuildPhase section */

/* Begin PBXTargetDependency section */
		00E356F51AD99517003FC87E /* PBXTargetDependency */ = {
			isa = PBXTargetDependency;
			target = 13B07F861A680F5B00A75B9A /* Serafins */;
			targetProxy = 00E356F41AD99517003FC87E /* PBXContainerItemProxy */;
		};
		2D02E4921E0B4A5D006451C7 /* PBXTargetDependency */ = {
			isa = PBXTargetDependency;
			target = 2D02E47A1E0B4A5D006451C7 /* Serafins-tvOS */;
			targetProxy = 2D02E4911E0B4A5D006451C7 /* PBXContainerItemProxy */;
		};
/* End PBXTargetDependency section */

/* Begin PBXVariantGroup section */
		13B07FB11A68108700A75B9A /* LaunchScreen.xib */ = {
			isa = PBXVariantGroup;
			children = (
				13B07FB21A68108700A75B9A /* Base */,
			);
			name = LaunchScreen.xib;
			path = Serafins;
			sourceTree = "<group>";
		};
/* End PBXVariantGroup section */

/* Begin XCBuildConfiguration section */
		00E356F61AD99517003FC87E /* Debug */ = {
			isa = XCBuildConfiguration;
			buildSettings = {
				BUNDLE_LOADER = "$(TEST_HOST)";
				GCC_PREPROCESSOR_DEFINITIONS = (
					"DEBUG=1",
					"$(inherited)",
				);
				INFOPLIST_FILE = SerafinsTests/Info.plist;
				IPHONEOS_DEPLOYMENT_TARGET = 9.0;
				LD_RUNPATH_SEARCH_PATHS = "$(inherited) @executable_path/Frameworks @loader_path/Frameworks";
				OTHER_LDFLAGS = (
					"-ObjC",
					"-lc++",
					"$(inherited)",
				);
				PRODUCT_BUNDLE_IDENTIFIER = "org.reactjs.native.example.$(PRODUCT_NAME:rfc1034identifier)";
				PRODUCT_NAME = "$(TARGET_NAME)";
				TEST_HOST = "$(BUILT_PRODUCTS_DIR)/Serafins.app/Serafins";
			};
			name = Debug;
		};
		00E356F71AD99517003FC87E /* Release */ = {
			isa = XCBuildConfiguration;
			buildSettings = {
				BUNDLE_LOADER = "$(TEST_HOST)";
				COPY_PHASE_STRIP = NO;
				INFOPLIST_FILE = SerafinsTests/Info.plist;
				IPHONEOS_DEPLOYMENT_TARGET = 9.0;
				LD_RUNPATH_SEARCH_PATHS = "$(inherited) @executable_path/Frameworks @loader_path/Frameworks";
				OTHER_LDFLAGS = (
					"-ObjC",
					"-lc++",
					"$(inherited)",
				);
				PRODUCT_BUNDLE_IDENTIFIER = "org.reactjs.native.example.$(PRODUCT_NAME:rfc1034identifier)";
				PRODUCT_NAME = "$(TARGET_NAME)";
				TEST_HOST = "$(BUILT_PRODUCTS_DIR)/Serafins.app/Serafins";
			};
			name = Release;
		};
		13B07F941A680F5B00A75B9A /* Debug */ = {
			isa = XCBuildConfiguration;
			buildSettings = {
				ASSETCATALOG_COMPILER_APPICON_NAME = AppIcon;
				CURRENT_PROJECT_VERSION = 1;
				DEAD_CODE_STRIPPING = NO;
				INFOPLIST_FILE = Serafins/Info.plist;
				LD_RUNPATH_SEARCH_PATHS = "$(inherited) @executable_path/Frameworks";
				OTHER_LDFLAGS = (
					"$(inherited)",
					"-ObjC",
					"-lc++",
				);
				PRODUCT_BUNDLE_IDENTIFIER = "org.reactjs.native.example.$(PRODUCT_NAME:rfc1034identifier)";
				PRODUCT_NAME = Serafins;
				VERSIONING_SYSTEM = "apple-generic";
			};
			name = Debug;
		};
		13B07F951A680F5B00A75B9A /* Release */ = {
			isa = XCBuildConfiguration;
			buildSettings = {
				ASSETCATALOG_COMPILER_APPICON_NAME = AppIcon;
				CURRENT_PROJECT_VERSION = 1;
				INFOPLIST_FILE = Serafins/Info.plist;
				LD_RUNPATH_SEARCH_PATHS = "$(inherited) @executable_path/Frameworks";
				OTHER_LDFLAGS = (
					"$(inherited)",
					"-ObjC",
					"-lc++",
				);
				PRODUCT_BUNDLE_IDENTIFIER = "org.reactjs.native.example.$(PRODUCT_NAME:rfc1034identifier)";
				PRODUCT_NAME = Serafins;
				VERSIONING_SYSTEM = "apple-generic";
			};
			name = Release;
		};
		2D02E4971E0B4A5E006451C7 /* Debug */ = {
			isa = XCBuildConfiguration;
			buildSettings = {
				ASSETCATALOG_COMPILER_APPICON_NAME = "App Icon & Top Shelf Image";
				ASSETCATALOG_COMPILER_LAUNCHIMAGE_NAME = LaunchImage;
				CLANG_ANALYZER_NONNULL = YES;
				CLANG_WARN_DOCUMENTATION_COMMENTS = YES;
				CLANG_WARN_INFINITE_RECURSION = YES;
				CLANG_WARN_SUSPICIOUS_MOVE = YES;
				DEBUG_INFORMATION_FORMAT = dwarf;
				ENABLE_TESTABILITY = YES;
				GCC_NO_COMMON_BLOCKS = YES;
				INFOPLIST_FILE = "Serafins-tvOS/Info.plist";
				LD_RUNPATH_SEARCH_PATHS = "$(inherited) @executable_path/Frameworks";
				OTHER_LDFLAGS = (
					"$(inherited)",
					"-ObjC",
					"-lc++",
				);
				PRODUCT_BUNDLE_IDENTIFIER = "com.facebook.REACT.Serafins-tvOS";
				PRODUCT_NAME = "$(TARGET_NAME)";
				SDKROOT = appletvos;
				TARGETED_DEVICE_FAMILY = 3;
				TVOS_DEPLOYMENT_TARGET = 9.2;
			};
			name = Debug;
		};
		2D02E4981E0B4A5E006451C7 /* Release */ = {
			isa = XCBuildConfiguration;
			buildSettings = {
				ASSETCATALOG_COMPILER_APPICON_NAME = "App Icon & Top Shelf Image";
				ASSETCATALOG_COMPILER_LAUNCHIMAGE_NAME = LaunchImage;
				CLANG_ANALYZER_NONNULL = YES;
				CLANG_WARN_DOCUMENTATION_COMMENTS = YES;
				CLANG_WARN_INFINITE_RECURSION = YES;
				CLANG_WARN_SUSPICIOUS_MOVE = YES;
				COPY_PHASE_STRIP = NO;
				DEBUG_INFORMATION_FORMAT = "dwarf-with-dsym";
				GCC_NO_COMMON_BLOCKS = YES;
				INFOPLIST_FILE = "Serafins-tvOS/Info.plist";
				LD_RUNPATH_SEARCH_PATHS = "$(inherited) @executable_path/Frameworks";
				OTHER_LDFLAGS = (
					"$(inherited)",
					"-ObjC",
					"-lc++",
				);
				PRODUCT_BUNDLE_IDENTIFIER = "com.facebook.REACT.Serafins-tvOS";
				PRODUCT_NAME = "$(TARGET_NAME)";
				SDKROOT = appletvos;
				TARGETED_DEVICE_FAMILY = 3;
				TVOS_DEPLOYMENT_TARGET = 9.2;
			};
			name = Release;
		};
		2D02E4991E0B4A5E006451C7 /* Debug */ = {
			isa = XCBuildConfiguration;
			buildSettings = {
				BUNDLE_LOADER = "$(TEST_HOST)";
				CLANG_ANALYZER_NONNULL = YES;
				CLANG_WARN_DOCUMENTATION_COMMENTS = YES;
				CLANG_WARN_INFINITE_RECURSION = YES;
				CLANG_WARN_SUSPICIOUS_MOVE = YES;
				DEBUG_INFORMATION_FORMAT = dwarf;
				ENABLE_TESTABILITY = YES;
				GCC_NO_COMMON_BLOCKS = YES;
				INFOPLIST_FILE = "Serafins-tvOSTests/Info.plist";
				LD_RUNPATH_SEARCH_PATHS = "$(inherited) @executable_path/Frameworks @loader_path/Frameworks";
				OTHER_LDFLAGS = (
					"$(inherited)",
					"-ObjC",
					"-lc++",
				);
				PRODUCT_BUNDLE_IDENTIFIER = "com.facebook.REACT.Serafins-tvOSTests";
				PRODUCT_NAME = "$(TARGET_NAME)";
				SDKROOT = appletvos;
				TEST_HOST = "$(BUILT_PRODUCTS_DIR)/Serafins-tvOS.app/Serafins-tvOS";
				TVOS_DEPLOYMENT_TARGET = 10.1;
			};
			name = Debug;
		};
		2D02E49A1E0B4A5E006451C7 /* Release */ = {
			isa = XCBuildConfiguration;
			buildSettings = {
				BUNDLE_LOADER = "$(TEST_HOST)";
				CLANG_ANALYZER_NONNULL = YES;
				CLANG_WARN_DOCUMENTATION_COMMENTS = YES;
				CLANG_WARN_INFINITE_RECURSION = YES;
				CLANG_WARN_SUSPICIOUS_MOVE = YES;
				COPY_PHASE_STRIP = NO;
				DEBUG_INFORMATION_FORMAT = "dwarf-with-dsym";
				GCC_NO_COMMON_BLOCKS = YES;
				INFOPLIST_FILE = "Serafins-tvOSTests/Info.plist";
				LD_RUNPATH_SEARCH_PATHS = "$(inherited) @executable_path/Frameworks @loader_path/Frameworks";
				OTHER_LDFLAGS = (
					"$(inherited)",
					"-ObjC",
					"-lc++",
				);
				PRODUCT_BUNDLE_IDENTIFIER = "com.facebook.REACT.Serafins-tvOSTests";
				PRODUCT_NAME = "$(TARGET_NAME)";
				SDKROOT = appletvos;
				TEST_HOST = "$(BUILT_PRODUCTS_DIR)/Serafins-tvOS.app/Serafins-tvOS";
				TVOS_DEPLOYMENT_TARGET = 10.1;
			};
			name = Release;
		};
		83CBBA201A601CBA00E9B192 /* Debug */ = {
			isa = XCBuildConfiguration;
			buildSettings = {
				ALWAYS_SEARCH_USER_PATHS = NO;
				CLANG_CXX_LANGUAGE_STANDARD = "gnu++0x";
				CLANG_CXX_LIBRARY = "libc++";
				CLANG_ENABLE_MODULES = YES;
				CLANG_ENABLE_OBJC_ARC = YES;
				CLANG_WARN_BLOCK_CAPTURE_AUTORELEASING = YES;
				CLANG_WARN_BOOL_CONVERSION = YES;
				CLANG_WARN_COMMA = YES;
				CLANG_WARN_CONSTANT_CONVERSION = YES;
				CLANG_WARN_DEPRECATED_OBJC_IMPLEMENTATIONS = YES;
				CLANG_WARN_DIRECT_OBJC_ISA_USAGE = YES_ERROR;
				CLANG_WARN_EMPTY_BODY = YES;
				CLANG_WARN_ENUM_CONVERSION = YES;
				CLANG_WARN_INFINITE_RECURSION = YES;
				CLANG_WARN_INT_CONVERSION = YES;
				CLANG_WARN_NON_LITERAL_NULL_CONVERSION = YES;
				CLANG_WARN_OBJC_IMPLICIT_RETAIN_SELF = YES;
				CLANG_WARN_OBJC_LITERAL_CONVERSION = YES;
				CLANG_WARN_OBJC_ROOT_CLASS = YES_ERROR;
				CLANG_WARN_RANGE_LOOP_ANALYSIS = YES;
				CLANG_WARN_STRICT_PROTOTYPES = YES;
				CLANG_WARN_SUSPICIOUS_MOVE = YES;
				CLANG_WARN_UNREACHABLE_CODE = YES;
				CLANG_WARN__DUPLICATE_METHOD_MATCH = YES;
				"CODE_SIGN_IDENTITY[sdk=iphoneos*]" = "iPhone Developer";
				COPY_PHASE_STRIP = NO;
				ENABLE_STRICT_OBJC_MSGSEND = YES;
				ENABLE_TESTABILITY = YES;
				GCC_C_LANGUAGE_STANDARD = gnu99;
				GCC_DYNAMIC_NO_PIC = NO;
				GCC_NO_COMMON_BLOCKS = YES;
				GCC_OPTIMIZATION_LEVEL = 0;
				GCC_PREPROCESSOR_DEFINITIONS = (
					"DEBUG=1",
					"$(inherited)",
				);
				GCC_SYMBOLS_PRIVATE_EXTERN = NO;
				GCC_WARN_64_TO_32_BIT_CONVERSION = YES;
				GCC_WARN_ABOUT_RETURN_TYPE = YES_ERROR;
				GCC_WARN_UNDECLARED_SELECTOR = YES;
				GCC_WARN_UNINITIALIZED_AUTOS = YES_AGGRESSIVE;
				GCC_WARN_UNUSED_FUNCTION = YES;
				GCC_WARN_UNUSED_VARIABLE = YES;
				IPHONEOS_DEPLOYMENT_TARGET = 9.0;
				MTL_ENABLE_DEBUG_INFO = YES;
				ONLY_ACTIVE_ARCH = YES;
				SDKROOT = iphoneos;
			};
			name = Debug;
		};
		83CBBA211A601CBA00E9B192 /* Release */ = {
			isa = XCBuildConfiguration;
			buildSettings = {
				ALWAYS_SEARCH_USER_PATHS = NO;
				CLANG_CXX_LANGUAGE_STANDARD = "gnu++0x";
				CLANG_CXX_LIBRARY = "libc++";
				CLANG_ENABLE_MODULES = YES;
				CLANG_ENABLE_OBJC_ARC = YES;
				CLANG_WARN_BLOCK_CAPTURE_AUTORELEASING = YES;
				CLANG_WARN_BOOL_CONVERSION = YES;
				CLANG_WARN_COMMA = YES;
				CLANG_WARN_CONSTANT_CONVERSION = YES;
				CLANG_WARN_DEPRECATED_OBJC_IMPLEMENTATIONS = YES;
				CLANG_WARN_DIRECT_OBJC_ISA_USAGE = YES_ERROR;
				CLANG_WARN_EMPTY_BODY = YES;
				CLANG_WARN_ENUM_CONVERSION = YES;
				CLANG_WARN_INFINITE_RECURSION = YES;
				CLANG_WARN_INT_CONVERSION = YES;
				CLANG_WARN_NON_LITERAL_NULL_CONVERSION = YES;
				CLANG_WARN_OBJC_IMPLICIT_RETAIN_SELF = YES;
				CLANG_WARN_OBJC_LITERAL_CONVERSION = YES;
				CLANG_WARN_OBJC_ROOT_CLASS = YES_ERROR;
				CLANG_WARN_RANGE_LOOP_ANALYSIS = YES;
				CLANG_WARN_STRICT_PROTOTYPES = YES;
				CLANG_WARN_SUSPICIOUS_MOVE = YES;
				CLANG_WARN_UNREACHABLE_CODE = YES;
				CLANG_WARN__DUPLICATE_METHOD_MATCH = YES;
				"CODE_SIGN_IDENTITY[sdk=iphoneos*]" = "iPhone Developer";
				COPY_PHASE_STRIP = YES;
				ENABLE_NS_ASSERTIONS = NO;
				ENABLE_STRICT_OBJC_MSGSEND = YES;
				GCC_C_LANGUAGE_STANDARD = gnu99;
				GCC_NO_COMMON_BLOCKS = YES;
				GCC_WARN_64_TO_32_BIT_CONVERSION = YES;
				GCC_WARN_ABOUT_RETURN_TYPE = YES_ERROR;
				GCC_WARN_UNDECLARED_SELECTOR = YES;
				GCC_WARN_UNINITIALIZED_AUTOS = YES_AGGRESSIVE;
				GCC_WARN_UNUSED_FUNCTION = YES;
				GCC_WARN_UNUSED_VARIABLE = YES;
				IPHONEOS_DEPLOYMENT_TARGET = 9.0;
				MTL_ENABLE_DEBUG_INFO = NO;
				SDKROOT = iphoneos;
				VALIDATE_PRODUCT = YES;
			};
			name = Release;
		};
/* End XCBuildConfiguration section */

/* Begin XCConfigurationList section */
		00E357021AD99517003FC87E /* Build configuration list for PBXNativeTarget "SerafinsTests" */ = {
			isa = XCConfigurationList;
			buildConfigurations = (
				00E356F61AD99517003FC87E /* Debug */,
				00E356F71AD99517003FC87E /* Release */,
			);
			defaultConfigurationIsVisible = 0;
			defaultConfigurationName = Release;
		};
		13B07F931A680F5B00A75B9A /* Build configuration list for PBXNativeTarget "Serafins" */ = {
			isa = XCConfigurationList;
			buildConfigurations = (
				13B07F941A680F5B00A75B9A /* Debug */,
				13B07F951A680F5B00A75B9A /* Release */,
			);
			defaultConfigurationIsVisible = 0;
			defaultConfigurationName = Release;
		};
		2D02E4BA1E0B4A5E006451C7 /* Build configuration list for PBXNativeTarget "Serafins-tvOS" */ = {
			isa = XCConfigurationList;
			buildConfigurations = (
				2D02E4971E0B4A5E006451C7 /* Debug */,
				2D02E4981E0B4A5E006451C7 /* Release */,
			);
			defaultConfigurationIsVisible = 0;
			defaultConfigurationName = Release;
		};
		2D02E4BB1E0B4A5E006451C7 /* Build configuration list for PBXNativeTarget "Serafins-tvOSTests" */ = {
			isa = XCConfigurationList;
			buildConfigurations = (
				2D02E4991E0B4A5E006451C7 /* Debug */,
				2D02E49A1E0B4A5E006451C7 /* Release */,
			);
			defaultConfigurationIsVisible = 0;
			defaultConfigurationName = Release;
		};
		83CBB9FA1A601CBA00E9B192 /* Build configuration list for PBXProject "Serafins" */ = {
			isa = XCConfigurationList;
			buildConfigurations = (
				83CBBA201A601CBA00E9B192 /* Debug */,
				83CBBA211A601CBA00E9B192 /* Release */,
			);
			defaultConfigurationIsVisible = 0;
			defaultConfigurationName = Release;
		};
/* End XCConfigurationList section */
	};
	rootObject = 83CBB9F71A601CBA00E9B192 /* Project object */;
}
